{
  "version": 4,
  "terraform_version": "1.9.5",
  "serial": 31,
  "lineage": "fb6313d7-e760-df83-3fde-6a94ccc56d2a",
  "outputs": {},
  "resources": [
    {
      "mode": "managed",
      "type": "google_compute_firewall",
      "name": "allow_external",
      "provider": "provider[\"registry.terraform.io/hashicorp/google\"]",
      "instances": [
        {
          "index_key": 0,
          "schema_version": 1,
          "attributes": {
            "allow": [
              {
                "ports": [
                  "80",
                  "443"
                ],
                "protocol": "tcp"
              }
            ],
            "creation_timestamp": "2024-08-30T05:43:16.131-07:00",
            "deny": [],
            "description": "",
            "destination_ranges": [],
            "direction": "INGRESS",
            "disabled": false,
            "enable_logging": null,
            "id": "projects/fast-banner-433813-r7/global/firewalls/allow-external-vpc-cluster-java",
            "log_config": [],
            "name": "allow-external-vpc-cluster-java",
            "network": "https://www.googleapis.com/compute/v1/projects/fast-banner-433813-r7/global/networks/vpc-cluster-java",
            "priority": 1000,
            "project": "fast-banner-433813-r7",
            "self_link": "https://www.googleapis.com/compute/v1/projects/fast-banner-433813-r7/global/firewalls/allow-external-vpc-cluster-java",
            "source_ranges": [
              "0.0.0.0/0"
            ],
            "source_service_accounts": [],
            "source_tags": [],
            "target_service_accounts": [],
            "target_tags": [],
            "timeouts": null
          },
          "sensitive_attributes": [],
          "private": "eyJlMmJmYjczMC1lY2FhLTExZTYtOGY4OC0zNDM2M2JjN2M0YzAiOnsiY3JlYXRlIjoxMjAwMDAwMDAwMDAwLCJkZWxldGUiOjEyMDAwMDAwMDAwMDAsInVwZGF0ZSI6MTIwMDAwMDAwMDAwMH0sInNjaGVtYV92ZXJzaW9uIjoiMSJ9",
          "dependencies": [
            "google_compute_network.vpc_networks"
          ]
        },
        {
          "index_key": 1,
          "schema_version": 1,
          "attributes": {
            "allow": [
              {
                "ports": [
                  "80",
                  "443"
                ],
                "protocol": "tcp"
              }
            ],
            "creation_timestamp": "2024-08-30T05:43:10.907-07:00",
            "deny": [],
            "description": "",
            "destination_ranges": [],
            "direction": "INGRESS",
            "disabled": false,
            "enable_logging": null,
            "id": "projects/fast-banner-433813-r7/global/firewalls/allow-external-vpc-cluster-python",
            "log_config": [],
            "name": "allow-external-vpc-cluster-python",
            "network": "https://www.googleapis.com/compute/v1/projects/fast-banner-433813-r7/global/networks/vpc-cluster-python",
            "priority": 1000,
            "project": "fast-banner-433813-r7",
            "self_link": "https://www.googleapis.com/compute/v1/projects/fast-banner-433813-r7/global/firewalls/allow-external-vpc-cluster-python",
            "source_ranges": [
              "0.0.0.0/0"
            ],
            "source_service_accounts": [],
            "source_tags": [],
            "target_service_accounts": [],
            "target_tags": [],
            "timeouts": null
          },
          "sensitive_attributes": [],
          "private": "eyJlMmJmYjczMC1lY2FhLTExZTYtOGY4OC0zNDM2M2JjN2M0YzAiOnsiY3JlYXRlIjoxMjAwMDAwMDAwMDAwLCJkZWxldGUiOjEyMDAwMDAwMDAwMDAsInVwZGF0ZSI6MTIwMDAwMDAwMDAwMH0sInNjaGVtYV92ZXJzaW9uIjoiMSJ9",
          "dependencies": [
            "google_compute_network.vpc_networks"
          ]
        }
      ]
    },
    {
      "mode": "managed",
      "type": "google_compute_firewall",
      "name": "allow_internal",
      "provider": "provider[\"registry.terraform.io/hashicorp/google\"]",
      "instances": [
        {
          "index_key": 0,
          "schema_version": 1,
          "attributes": {
            "allow": [
              {
                "ports": [
                  "0-65535"
                ],
                "protocol": "tcp"
              },
              {
                "ports": [
                  "0-65535"
                ],
                "protocol": "udp"
              },
              {
                "ports": [],
                "protocol": "icmp"
              }
            ],
            "creation_timestamp": "2024-08-30T05:43:16.069-07:00",
            "deny": [],
            "description": "",
            "destination_ranges": [],
            "direction": "INGRESS",
            "disabled": false,
            "enable_logging": null,
            "id": "projects/fast-banner-433813-r7/global/firewalls/allow-internal-vpc-cluster-java",
            "log_config": [],
            "name": "allow-internal-vpc-cluster-java",
            "network": "https://www.googleapis.com/compute/v1/projects/fast-banner-433813-r7/global/networks/vpc-cluster-java",
            "priority": 1000,
            "project": "fast-banner-433813-r7",
            "self_link": "https://www.googleapis.com/compute/v1/projects/fast-banner-433813-r7/global/firewalls/allow-internal-vpc-cluster-java",
            "source_ranges": [
              "10.0.0.0/8"
            ],
            "source_service_accounts": [],
            "source_tags": [],
            "target_service_accounts": [],
            "target_tags": [
              "internal"
            ],
            "timeouts": null
          },
          "sensitive_attributes": [],
          "private": "eyJlMmJmYjczMC1lY2FhLTExZTYtOGY4OC0zNDM2M2JjN2M0YzAiOnsiY3JlYXRlIjoxMjAwMDAwMDAwMDAwLCJkZWxldGUiOjEyMDAwMDAwMDAwMDAsInVwZGF0ZSI6MTIwMDAwMDAwMDAwMH0sInNjaGVtYV92ZXJzaW9uIjoiMSJ9",
          "dependencies": [
            "google_compute_network.vpc_networks"
          ]
        },
        {
          "index_key": 1,
          "schema_version": 1,
          "attributes": {
            "allow": [
              {
                "ports": [
                  "0-65535"
                ],
                "protocol": "tcp"
              },
              {
                "ports": [
                  "0-65535"
                ],
                "protocol": "udp"
              },
              {
                "ports": [],
                "protocol": "icmp"
              }
            ],
            "creation_timestamp": "2024-08-30T05:43:13.171-07:00",
            "deny": [],
            "description": "",
            "destination_ranges": [],
            "direction": "INGRESS",
            "disabled": false,
            "enable_logging": null,
            "id": "projects/fast-banner-433813-r7/global/firewalls/allow-internal-vpc-cluster-python",
            "log_config": [],
            "name": "allow-internal-vpc-cluster-python",
            "network": "https://www.googleapis.com/compute/v1/projects/fast-banner-433813-r7/global/networks/vpc-cluster-python",
            "priority": 1000,
            "project": "fast-banner-433813-r7",
            "self_link": "https://www.googleapis.com/compute/v1/projects/fast-banner-433813-r7/global/firewalls/allow-internal-vpc-cluster-python",
            "source_ranges": [
              "10.0.0.0/8"
            ],
            "source_service_accounts": [],
            "source_tags": [],
            "target_service_accounts": [],
            "target_tags": [
              "internal"
            ],
            "timeouts": null
          },
          "sensitive_attributes": [],
          "private": "eyJlMmJmYjczMC1lY2FhLTExZTYtOGY4OC0zNDM2M2JjN2M0YzAiOnsiY3JlYXRlIjoxMjAwMDAwMDAwMDAwLCJkZWxldGUiOjEyMDAwMDAwMDAwMDAsInVwZGF0ZSI6MTIwMDAwMDAwMDAwMH0sInNjaGVtYV92ZXJzaW9uIjoiMSJ9",
          "dependencies": [
            "google_compute_network.vpc_networks"
          ]
        }
      ]
    },
    {
      "mode": "managed",
      "type": "google_compute_firewall",
      "name": "allow_ssh",
      "provider": "provider[\"registry.terraform.io/hashicorp/google\"]",
      "instances": [
        {
          "index_key": 0,
          "schema_version": 1,
          "attributes": {
            "allow": [
              {
                "ports": [
                  "22"
                ],
                "protocol": "tcp"
              }
            ],
            "creation_timestamp": "2024-08-30T05:43:10.929-07:00",
            "deny": [],
            "description": "",
            "destination_ranges": [],
            "direction": "INGRESS",
            "disabled": false,
            "enable_logging": null,
            "id": "projects/fast-banner-433813-r7/global/firewalls/allow-ssh-vpc-cluster-java",
            "log_config": [],
            "name": "allow-ssh-vpc-cluster-java",
            "network": "https://www.googleapis.com/compute/v1/projects/fast-banner-433813-r7/global/networks/vpc-cluster-java",
            "priority": 1000,
            "project": "fast-banner-433813-r7",
            "self_link": "https://www.googleapis.com/compute/v1/projects/fast-banner-433813-r7/global/firewalls/allow-ssh-vpc-cluster-java",
            "source_ranges": [
              "0.0.0.0/0"
            ],
            "source_service_accounts": [],
            "source_tags": [],
            "target_service_accounts": [],
            "target_tags": [],
            "timeouts": null
          },
          "sensitive_attributes": [],
          "private": "eyJlMmJmYjczMC1lY2FhLTExZTYtOGY4OC0zNDM2M2JjN2M0YzAiOnsiY3JlYXRlIjoxMjAwMDAwMDAwMDAwLCJkZWxldGUiOjEyMDAwMDAwMDAwMDAsInVwZGF0ZSI6MTIwMDAwMDAwMDAwMH0sInNjaGVtYV92ZXJzaW9uIjoiMSJ9",
          "dependencies": [
            "google_compute_network.vpc_networks"
          ]
        },
        {
          "index_key": 1,
          "schema_version": 1,
          "attributes": {
            "allow": [
              {
                "ports": [
                  "22"
                ],
                "protocol": "tcp"
              }
            ],
            "creation_timestamp": "2024-08-30T05:43:22.764-07:00",
            "deny": [],
            "description": "",
            "destination_ranges": [],
            "direction": "INGRESS",
            "disabled": false,
            "enable_logging": null,
            "id": "projects/fast-banner-433813-r7/global/firewalls/allow-ssh-vpc-cluster-python",
            "log_config": [],
            "name": "allow-ssh-vpc-cluster-python",
            "network": "https://www.googleapis.com/compute/v1/projects/fast-banner-433813-r7/global/networks/vpc-cluster-python",
            "priority": 1000,
            "project": "fast-banner-433813-r7",
            "self_link": "https://www.googleapis.com/compute/v1/projects/fast-banner-433813-r7/global/firewalls/allow-ssh-vpc-cluster-python",
            "source_ranges": [
              "0.0.0.0/0"
            ],
            "source_service_accounts": [],
            "source_tags": [],
            "target_service_accounts": [],
            "target_tags": [],
            "timeouts": null
          },
          "sensitive_attributes": [],
          "private": "eyJlMmJmYjczMC1lY2FhLTExZTYtOGY4OC0zNDM2M2JjN2M0YzAiOnsiY3JlYXRlIjoxMjAwMDAwMDAwMDAwLCJkZWxldGUiOjEyMDAwMDAwMDAwMDAsInVwZGF0ZSI6MTIwMDAwMDAwMDAwMH0sInNjaGVtYV92ZXJzaW9uIjoiMSJ9",
          "dependencies": [
            "google_compute_network.vpc_networks"
          ]
        }
      ]
    },
    {
      "mode": "managed",
      "type": "google_compute_firewall",
      "name": "deny_all",
      "provider": "provider[\"registry.terraform.io/hashicorp/google\"]",
      "instances": [
        {
          "index_key": 0,
          "schema_version": 1,
          "attributes": {
            "allow": [],
            "creation_timestamp": "2024-08-30T05:43:10.916-07:00",
            "deny": [
              {
                "ports": [],
                "protocol": "all"
              }
            ],
            "description": "",
            "destination_ranges": [],
            "direction": "INGRESS",
            "disabled": false,
            "enable_logging": null,
            "id": "projects/fast-banner-433813-r7/global/firewalls/deny-all-vpc-cluster-java",
            "log_config": [],
            "name": "deny-all-vpc-cluster-java",
            "network": "https://www.googleapis.com/compute/v1/projects/fast-banner-433813-r7/global/networks/vpc-cluster-java",
            "priority": 1000,
            "project": "fast-banner-433813-r7",
            "self_link": "https://www.googleapis.com/compute/v1/projects/fast-banner-433813-r7/global/firewalls/deny-all-vpc-cluster-java",
            "source_ranges": [
              "0.0.0.0/0"
            ],
            "source_service_accounts": [],
            "source_tags": [],
            "target_service_accounts": [],
            "target_tags": [],
            "timeouts": null
          },
          "sensitive_attributes": [],
          "private": "eyJlMmJmYjczMC1lY2FhLTExZTYtOGY4OC0zNDM2M2JjN2M0YzAiOnsiY3JlYXRlIjoxMjAwMDAwMDAwMDAwLCJkZWxldGUiOjEyMDAwMDAwMDAwMDAsInVwZGF0ZSI6MTIwMDAwMDAwMDAwMH0sInNjaGVtYV92ZXJzaW9uIjoiMSJ9",
          "dependencies": [
            "google_compute_network.vpc_networks"
          ]
        },
        {
          "index_key": 1,
          "schema_version": 1,
          "attributes": {
            "allow": [],
            "creation_timestamp": "2024-08-30T05:43:10.935-07:00",
            "deny": [
              {
                "ports": [],
                "protocol": "all"
              }
            ],
            "description": "",
            "destination_ranges": [],
            "direction": "INGRESS",
            "disabled": false,
            "enable_logging": null,
            "id": "projects/fast-banner-433813-r7/global/firewalls/deny-all-vpc-cluster-python",
            "log_config": [],
            "name": "deny-all-vpc-cluster-python",
            "network": "https://www.googleapis.com/compute/v1/projects/fast-banner-433813-r7/global/networks/vpc-cluster-python",
            "priority": 1000,
            "project": "fast-banner-433813-r7",
            "self_link": "https://www.googleapis.com/compute/v1/projects/fast-banner-433813-r7/global/firewalls/deny-all-vpc-cluster-python",
            "source_ranges": [
              "0.0.0.0/0"
            ],
            "source_service_accounts": [],
            "source_tags": [],
            "target_service_accounts": [],
            "target_tags": [],
            "timeouts": null
          },
          "sensitive_attributes": [],
          "private": "eyJlMmJmYjczMC1lY2FhLTExZTYtOGY4OC0zNDM2M2JjN2M0YzAiOnsiY3JlYXRlIjoxMjAwMDAwMDAwMDAwLCJkZWxldGUiOjEyMDAwMDAwMDAwMDAsInVwZGF0ZSI6MTIwMDAwMDAwMDAwMH0sInNjaGVtYV92ZXJzaW9uIjoiMSJ9",
          "dependencies": [
            "google_compute_network.vpc_networks"
          ]
        }
      ]
    },
    {
      "mode": "managed",
      "type": "google_compute_network",
      "name": "vpc_networks",
      "provider": "provider[\"registry.terraform.io/hashicorp/google\"]",
      "instances": [
        {
          "index_key": 0,
          "schema_version": 0,
          "attributes": {
            "auto_create_subnetworks": false,
            "delete_default_routes_on_create": false,
            "description": "",
            "enable_ula_internal_ipv6": false,
            "gateway_ipv4": "",
            "id": "projects/fast-banner-433813-r7/global/networks/vpc-cluster-java",
            "internal_ipv6_range": "",
            "mtu": 0,
            "name": "vpc-cluster-java",
            "network_firewall_policy_enforcement_order": "AFTER_CLASSIC_FIREWALL",
            "numeric_id": "1304180085384544445",
            "project": "fast-banner-433813-r7",
            "routing_mode": "REGIONAL",
            "self_link": "https://www.googleapis.com/compute/v1/projects/fast-banner-433813-r7/global/networks/vpc-cluster-java",
            "timeouts": null
          },
          "sensitive_attributes": [],
          "private": "eyJlMmJmYjczMC1lY2FhLTExZTYtOGY4OC0zNDM2M2JjN2M0YzAiOnsiY3JlYXRlIjoxMjAwMDAwMDAwMDAwLCJkZWxldGUiOjEyMDAwMDAwMDAwMDAsInVwZGF0ZSI6MTIwMDAwMDAwMDAwMH19"
        },
        {
          "index_key": 1,
          "schema_version": 0,
          "attributes": {
            "auto_create_subnetworks": false,
            "delete_default_routes_on_create": false,
            "description": "",
            "enable_ula_internal_ipv6": false,
            "gateway_ipv4": "",
            "id": "projects/fast-banner-433813-r7/global/networks/vpc-cluster-python",
            "internal_ipv6_range": "",
            "mtu": 0,
            "name": "vpc-cluster-python",
            "network_firewall_policy_enforcement_order": "AFTER_CLASSIC_FIREWALL",
            "numeric_id": "3359523074133983421",
            "project": "fast-banner-433813-r7",
            "routing_mode": "REGIONAL",
            "self_link": "https://www.googleapis.com/compute/v1/projects/fast-banner-433813-r7/global/networks/vpc-cluster-python",
            "timeouts": null
          },
          "sensitive_attributes": [],
          "private": "eyJlMmJmYjczMC1lY2FhLTExZTYtOGY4OC0zNDM2M2JjN2M0YzAiOnsiY3JlYXRlIjoxMjAwMDAwMDAwMDAwLCJkZWxldGUiOjEyMDAwMDAwMDAwMDAsInVwZGF0ZSI6MTIwMDAwMDAwMDAwMH19"
        }
      ]
    },
    {
      "mode": "managed",
      "type": "google_compute_network_peering",
      "name": "peering1_to_peering2",
      "provider": "provider[\"registry.terraform.io/hashicorp/google\"]",
      "instances": [
        {
          "schema_version": 0,
          "attributes": {
            "export_custom_routes": false,
            "export_subnet_routes_with_public_ip": true,
            "id": "vpc-cluster-java/peering1-to-peering2",
            "import_custom_routes": false,
            "import_subnet_routes_with_public_ip": false,
            "name": "peering1-to-peering2",
            "network": "https://www.googleapis.com/compute/v1/projects/fast-banner-433813-r7/global/networks/vpc-cluster-java",
            "peer_network": "https://www.googleapis.com/compute/v1/projects/fast-banner-433813-r7/global/networks/vpc-cluster-python",
            "stack_type": "IPV4_ONLY",
            "state": "ACTIVE",
            "state_details": "[2024-09-02T02:55:07.258-07:00]: Connected.",
            "timeouts": null
          },
          "sensitive_attributes": [],
          "private": "eyJlMmJmYjczMC1lY2FhLTExZTYtOGY4OC0zNDM2M2JjN2M0YzAiOnsiY3JlYXRlIjoyNDAwMDAwMDAwMDAsImRlbGV0ZSI6MjQwMDAwMDAwMDAwLCJ1cGRhdGUiOjI0MDAwMDAwMDAwMH19",
          "dependencies": [
            "google_compute_network.vpc_networks"
          ]
        }
      ]
    },
    {
      "mode": "managed",
      "type": "google_compute_network_peering",
      "name": "peering2_to_peering1",
      "provider": "provider[\"registry.terraform.io/hashicorp/google\"]",
      "instances": [
        {
          "schema_version": 0,
          "attributes": {
            "export_custom_routes": false,
            "export_subnet_routes_with_public_ip": true,
            "id": "vpc-cluster-python/peering2-to-peering1",
            "import_custom_routes": false,
            "import_subnet_routes_with_public_ip": false,
            "name": "peering2-to-peering1",
            "network": "https://www.googleapis.com/compute/v1/projects/fast-banner-433813-r7/global/networks/vpc-cluster-python",
            "peer_network": "https://www.googleapis.com/compute/v1/projects/fast-banner-433813-r7/global/networks/vpc-cluster-java",
            "stack_type": "IPV4_ONLY",
            "state": "ACTIVE",
            "state_details": "[2024-08-30T05:45:48.311-07:00]: Connected.",
            "timeouts": null
          },
          "sensitive_attributes": [],
          "private": "eyJlMmJmYjczMC1lY2FhLTExZTYtOGY4OC0zNDM2M2JjN2M0YzAiOnsiY3JlYXRlIjoyNDAwMDAwMDAwMDAsImRlbGV0ZSI6MjQwMDAwMDAwMDAwLCJ1cGRhdGUiOjI0MDAwMDAwMDAwMH19",
          "dependencies": [
            "google_compute_network.vpc_networks"
          ]
        }
      ]
    },
    {
      "mode": "managed",
      "type": "google_compute_router",
      "name": "nat_router",
      "provider": "provider[\"registry.terraform.io/hashicorp/google\"]",
      "instances": [
        {
          "index_key": 0,
          "schema_version": 0,
          "attributes": {
            "bgp": [],
            "creation_timestamp": "2024-08-30T05:43:11.851-07:00",
            "description": "",
            "encrypted_interconnect_router": false,
            "id": "projects/fast-banner-433813-r7/regions/us-central1/routers/nat-router-vpc-cluster-java",
            "name": "nat-router-vpc-cluster-java",
            "network": "https://www.googleapis.com/compute/v1/projects/fast-banner-433813-r7/global/networks/vpc-cluster-java",
            "project": "fast-banner-433813-r7",
            "region": "us-central1",
            "self_link": "https://www.googleapis.com/compute/v1/projects/fast-banner-433813-r7/regions/us-central1/routers/nat-router-vpc-cluster-java",
            "timeouts": null
          },
          "sensitive_attributes": [],
          "private": "eyJlMmJmYjczMC1lY2FhLTExZTYtOGY4OC0zNDM2M2JjN2M0YzAiOnsiY3JlYXRlIjoxMjAwMDAwMDAwMDAwLCJkZWxldGUiOjEyMDAwMDAwMDAwMDAsInVwZGF0ZSI6MTIwMDAwMDAwMDAwMH19",
          "dependencies": [
            "google_compute_network.vpc_networks"
          ]
        },
        {
          "index_key": 1,
          "schema_version": 0,
          "attributes": {
            "bgp": [],
            "creation_timestamp": "2024-08-30T05:43:12.884-07:00",
            "description": "",
            "encrypted_interconnect_router": false,
            "id": "projects/fast-banner-433813-r7/regions/us-central1/routers/nat-router-vpc-cluster-python",
            "name": "nat-router-vpc-cluster-python",
            "network": "https://www.googleapis.com/compute/v1/projects/fast-banner-433813-r7/global/networks/vpc-cluster-python",
            "project": "fast-banner-433813-r7",
            "region": "us-central1",
            "self_link": "https://www.googleapis.com/compute/v1/projects/fast-banner-433813-r7/regions/us-central1/routers/nat-router-vpc-cluster-python",
            "timeouts": null
          },
          "sensitive_attributes": [],
          "private": "eyJlMmJmYjczMC1lY2FhLTExZTYtOGY4OC0zNDM2M2JjN2M0YzAiOnsiY3JlYXRlIjoxMjAwMDAwMDAwMDAwLCJkZWxldGUiOjEyMDAwMDAwMDAwMDAsInVwZGF0ZSI6MTIwMDAwMDAwMDAwMH19",
          "dependencies": [
            "google_compute_network.vpc_networks"
          ]
        }
      ]
    },
    {
      "mode": "managed",
      "type": "google_compute_router_nat",
      "name": "nat_config",
      "provider": "provider[\"registry.terraform.io/hashicorp/google\"]",
      "instances": [
        {
          "index_key": 0,
          "schema_version": 0,
          "attributes": {
            "auto_network_tier": "PREMIUM",
            "drain_nat_ips": [],
            "enable_dynamic_port_allocation": false,
            "enable_endpoint_independent_mapping": false,
            "endpoint_types": [
              "ENDPOINT_TYPE_VM"
            ],
            "icmp_idle_timeout_sec": 30,
            "id": "fast-banner-433813-r7/us-central1/nat-router-vpc-cluster-java/nat-config-vpc-cluster-java",
            "log_config": [],
            "max_ports_per_vm": 0,
            "min_ports_per_vm": 0,
            "name": "nat-config-vpc-cluster-java",
            "nat_ip_allocate_option": "AUTO_ONLY",
            "nat_ips": [],
            "project": "fast-banner-433813-r7",
            "region": "us-central1",
            "router": "nat-router-vpc-cluster-java",
            "rules": [],
            "source_subnetwork_ip_ranges_to_nat": "ALL_SUBNETWORKS_ALL_IP_RANGES",
            "subnetwork": [],
            "tcp_established_idle_timeout_sec": 1200,
            "tcp_time_wait_timeout_sec": 120,
            "tcp_transitory_idle_timeout_sec": 30,
            "timeouts": null,
            "udp_idle_timeout_sec": 30
          },
          "sensitive_attributes": [],
          "private": "eyJlMmJmYjczMC1lY2FhLTExZTYtOGY4OC0zNDM2M2JjN2M0YzAiOnsiY3JlYXRlIjoxMjAwMDAwMDAwMDAwLCJkZWxldGUiOjEyMDAwMDAwMDAwMDAsInVwZGF0ZSI6MTIwMDAwMDAwMDAwMH19",
          "dependencies": [
            "google_compute_network.vpc_networks",
            "google_compute_router.nat_router"
          ]
        },
        {
          "index_key": 1,
          "schema_version": 0,
          "attributes": {
            "auto_network_tier": "PREMIUM",
            "drain_nat_ips": [],
            "enable_dynamic_port_allocation": false,
            "enable_endpoint_independent_mapping": false,
            "endpoint_types": [
              "ENDPOINT_TYPE_VM"
            ],
            "icmp_idle_timeout_sec": 30,
            "id": "fast-banner-433813-r7/us-central1/nat-router-vpc-cluster-python/nat-config-vpc-cluster-python",
            "log_config": [],
            "max_ports_per_vm": 0,
            "min_ports_per_vm": 0,
            "name": "nat-config-vpc-cluster-python",
            "nat_ip_allocate_option": "AUTO_ONLY",
            "nat_ips": [],
            "project": "fast-banner-433813-r7",
            "region": "us-central1",
            "router": "nat-router-vpc-cluster-python",
            "rules": [],
            "source_subnetwork_ip_ranges_to_nat": "ALL_SUBNETWORKS_ALL_IP_RANGES",
            "subnetwork": [],
            "tcp_established_idle_timeout_sec": 1200,
            "tcp_time_wait_timeout_sec": 120,
            "tcp_transitory_idle_timeout_sec": 30,
            "timeouts": null,
            "udp_idle_timeout_sec": 30
          },
          "sensitive_attributes": [],
          "private": "eyJlMmJmYjczMC1lY2FhLTExZTYtOGY4OC0zNDM2M2JjN2M0YzAiOnsiY3JlYXRlIjoxMjAwMDAwMDAwMDAwLCJkZWxldGUiOjEyMDAwMDAwMDAwMDAsInVwZGF0ZSI6MTIwMDAwMDAwMDAwMH19",
          "dependencies": [
            "google_compute_network.vpc_networks",
            "google_compute_router.nat_router"
          ]
        }
      ]
    },
    {
      "mode": "managed",
      "type": "google_compute_subnetwork",
      "name": "subnets",
      "provider": "provider[\"registry.terraform.io/hashicorp/google\"]",
      "instances": [
        {
          "index_key": 0,
          "schema_version": 0,
          "attributes": {
            "creation_timestamp": "2024-08-30T05:43:12.883-07:00",
            "description": "",
            "external_ipv6_prefix": "",
            "fingerprint": null,
            "gateway_address": "10.0.0.1",
            "id": "projects/fast-banner-433813-r7/regions/us-central1/subnetworks/subnet-cluster-java",
            "internal_ipv6_prefix": "",
            "ip_cidr_range": "10.0.0.0/16",
            "ipv6_access_type": "",
            "ipv6_cidr_range": "",
            "log_config": [],
            "name": "subnet-cluster-java",
            "network": "https://www.googleapis.com/compute/v1/projects/fast-banner-433813-r7/global/networks/vpc-cluster-java",
            "private_ip_google_access": true,
            "private_ipv6_google_access": "DISABLE_GOOGLE_ACCESS",
            "project": "fast-banner-433813-r7",
            "purpose": "PRIVATE",
            "region": "us-central1",
            "reserved_internal_range": "",
            "role": "",
            "secondary_ip_range": [
              {
                "ip_cidr_range": "10.236.0.0/14",
                "range_name": "gke-gke-cluster-java-pods-e7edaf8c",
                "reserved_internal_range": ""
              }
            ],
            "self_link": "https://www.googleapis.com/compute/v1/projects/fast-banner-433813-r7/regions/us-central1/subnetworks/subnet-cluster-java",
            "send_secondary_ip_range_if_empty": null,
            "stack_type": "IPV4_ONLY",
            "timeouts": null
          },
          "sensitive_attributes": [],
          "private": "eyJlMmJmYjczMC1lY2FhLTExZTYtOGY4OC0zNDM2M2JjN2M0YzAiOnsiY3JlYXRlIjoxMjAwMDAwMDAwMDAwLCJkZWxldGUiOjEyMDAwMDAwMDAwMDAsInVwZGF0ZSI6MTIwMDAwMDAwMDAwMH19",
          "dependencies": [
            "google_compute_network.vpc_networks"
          ]
        },
        {
          "index_key": 1,
          "schema_version": 0,
          "attributes": {
            "creation_timestamp": "2024-08-30T05:43:12.913-07:00",
            "description": "",
            "external_ipv6_prefix": "",
            "fingerprint": null,
            "gateway_address": "10.1.0.1",
            "id": "projects/fast-banner-433813-r7/regions/us-central1/subnetworks/subnet-cluster-python",
            "internal_ipv6_prefix": "",
            "ip_cidr_range": "10.1.0.0/16",
            "ipv6_access_type": "",
            "ipv6_cidr_range": "",
            "log_config": [],
            "name": "subnet-cluster-python",
            "network": "https://www.googleapis.com/compute/v1/projects/fast-banner-433813-r7/global/networks/vpc-cluster-python",
            "private_ip_google_access": true,
            "private_ipv6_google_access": "DISABLE_GOOGLE_ACCESS",
            "project": "fast-banner-433813-r7",
            "purpose": "PRIVATE",
            "region": "us-central1",
            "reserved_internal_range": "",
            "role": "",
            "secondary_ip_range": [],
            "self_link": "https://www.googleapis.com/compute/v1/projects/fast-banner-433813-r7/regions/us-central1/subnetworks/subnet-cluster-python",
            "send_secondary_ip_range_if_empty": null,
            "stack_type": "IPV4_ONLY",
            "timeouts": null
          },
          "sensitive_attributes": [],
          "private": "eyJlMmJmYjczMC1lY2FhLTExZTYtOGY4OC0zNDM2M2JjN2M0YzAiOnsiY3JlYXRlIjoxMjAwMDAwMDAwMDAwLCJkZWxldGUiOjEyMDAwMDAwMDAwMDAsInVwZGF0ZSI6MTIwMDAwMDAwMDAwMH19",
          "dependencies": [
            "google_compute_network.vpc_networks"
          ]
        }
      ]
    },
    {
      "mode": "managed",
      "type": "google_container_cluster",
      "name": "gke_clusters",
      "provider": "provider[\"registry.terraform.io/hashicorp/google\"]",
      "instances": [
        {
          "index_key": 0,
          "schema_version": 2,
          "attributes": {
            "addons_config": [
              {
                "cloudrun_config": [],
                "config_connector_config": [],
                "dns_cache_config": [],
                "gce_persistent_disk_csi_driver_config": [
                  {
                    "enabled": true
                  }
                ],
                "gcp_filestore_csi_driver_config": [],
                "gcs_fuse_csi_driver_config": [],
                "gke_backup_agent_config": [],
                "horizontal_pod_autoscaling": [],
                "http_load_balancing": [],
                "network_policy_config": [
                  {
                    "disabled": true
                  }
                ],
                "ray_operator_config": [],
                "stateful_ha_config": []
              }
            ],
            "allow_net_admin": null,
            "authenticator_groups_config": [],
            "binary_authorization": [
              {
                "enabled": false,
                "evaluation_mode": ""
              }
            ],
            "cluster_autoscaling": [
              {
                "auto_provisioning_defaults": [],
                "auto_provisioning_locations": [],
                "autoscaling_profile": "BALANCED",
                "enabled": false,
                "resource_limits": []
              }
            ],
            "cluster_ipv4_cidr": "10.236.0.0/14",
            "confidential_nodes": [],
            "cost_management_config": [],
            "database_encryption": [
              {
                "key_name": "",
                "state": "DECRYPTED"
              }
            ],
            "datapath_provider": "",
            "default_max_pods_per_node": 110,
            "default_snat_status": [
              {
                "disabled": false
              }
            ],
            "deletion_protection": true,
            "description": "",
            "dns_config": [],
            "effective_labels": {
              "goog-terraform-provisioned": "true"
            },
            "enable_autopilot": false,
            "enable_cilium_clusterwide_network_policy": false,
            "enable_intranode_visibility": false,
            "enable_k8s_beta_apis": [],
            "enable_kubernetes_alpha": false,
            "enable_l4_ilb_subsetting": false,
            "enable_legacy_abac": false,
            "enable_multi_networking": false,
            "enable_shielded_nodes": true,
            "enable_tpu": false,
            "endpoint": "34.172.16.235",
            "fleet": [],
            "gateway_api_config": [],
            "id": "projects/fast-banner-433813-r7/locations/us-central1/clusters/gke-cluster-java",
            "identity_service_config": [],
            "initial_node_count": 1,
            "ip_allocation_policy": [
              {
                "additional_pod_ranges_config": [],
                "cluster_ipv4_cidr_block": "10.236.0.0/14",
                "cluster_secondary_range_name": "gke-gke-cluster-java-pods-e7edaf8c",
                "pod_cidr_overprovision_config": [
                  {
                    "disabled": false
                  }
                ],
                "services_ipv4_cidr_block": "34.118.224.0/20",
                "services_secondary_range_name": "",
                "stack_type": "IPV4"
              }
            ],
            "label_fingerprint": "78cdf2f6",
            "location": "us-central1",
            "logging_config": [
              {
                "enable_components": [
                  "SYSTEM_COMPONENTS",
                  "WORKLOADS"
                ]
              }
            ],
            "logging_service": "logging.googleapis.com/kubernetes",
            "maintenance_policy": [],
            "master_auth": [
              {
                "client_certificate": "",
                "client_certificate_config": [
                  {
                    "issue_client_certificate": false
                  }
                ],
                "client_key": "",
                "cluster_ca_certificate": "LS0tLS1CRUdJTiBDRVJUSUZJQ0FURS0tLS0tCk1JSUVMRENDQXBTZ0F3SUJBZ0lRUithdUtEelVGWm9zYmYvb3c1YWdYREFOQmdrcWhraUc5dzBCQVFzRkFEQXYKTVMwd0t3WURWUVFERXlRek9EWXpaVFF5WkMwek5XUmxMVFEzT1dJdE9HVTVZUzFpTnpJNE9XSmpaakk1TkRRdwpJQmNOTWpRd09ETXdNVEUwTlRFM1doZ1BNakExTkRBNE1qTXhNalExTVRkYU1DOHhMVEFyQmdOVkJBTVRKRE00Ck5qTmxOREprTFRNMVpHVXRORGM1WWkwNFpUbGhMV0kzTWpnNVltTm1NamswTkRDQ0FhSXdEUVlKS29aSWh2Y04KQVFFQkJRQURnZ0dQQURDQ0FZb0NnZ0dCQUxJNDhwdTFKMG1Nd0hvL3JZdXN1Q0RmSWFSSVhGOXhlU0haeDhhVwpZSFpId1FiT2VVazBEYWluMEc1VlRZWWVmcGJOVVBNZU5jUW5kRFZDeWtGdDdybnViTkNLcys2THhOZnRrWUFMCmhYR25aMmhXUEJEWGZPMXI1TzJ5Y1FxOHZOMm9xaUxoS1lsS3pPeXJ0VEx4Tkg1R2NYRlIyZFM0bHJobko4WFIKaEI1aHd0UFk2d3N2czgzeVlzRGdONDRhUG4xWFp4MUlxZndDajNjWkFmU2R2Q1ZobStPMTNON29rbmxkMU9rOAozWXdUK043MHZuei9SVkx5YVVDU1psbEVXVmRLNXNlYUprdkFVeVN1Q3NBQmZnWTdXS3NiRWJyQitCQ0psTjNoCmpBNFZRMlV4QUZpZm5UdEJGMlE5SE44aEFjanBjRFRNQnU4Y2RzRTcyYnVuUkZrdkZzWGd5MEEvaG0vb1p2TGIKNXcwMzNqNWpaT2tmZVk5ald0QkN4Nk9GaXAwK0p0RE1WRkY4akNXNWtsNmpnZGFwMENGV3Qvb0diSlMwcU9uVApleTdFOERYSmFyUldidDErMi80MmgyenVMSjYwRU5oM2JPNWdWOTNQTjRaR2h2NEJQQ2xvK2NXaFIxeUpabklRCjlNNUR3TlZ5eFVsdGdlVi9McWVBODVkS3hRSURBUUFCbzBJd1FEQU9CZ05WSFE4QkFmOEVCQU1DQWdRd0R3WUQKVlIwVEFRSC9CQVV3QXdFQi96QWRCZ05WSFE0RUZnUVVhQXR4bE5QVXFoakRsRlg3T1U0dThGd3JJeDR3RFFZSgpLb1pJaHZjTkFRRUxCUUFEZ2dHQkFMRU9iQXFrcHlyK2JwdjZCcVdGVXRWc29pSHNYVlhjcEZjb0hyd0E0STcvCkkwRVovZUlMZHR3WEhxeFB0T0ZLZGRQYWVGY0lTUkx6dzdPNlRPNlM5RGFocXlOeGczZk5nNFVzajd1WERnZU8KVHRnTDNHaVRQMDMydDl6NGtNbHRwMnZDSWZaU0VhdzdMQU9hUmJrN21hSzhlbWxONjVWUmQrSGd4eUZUM0sxSAorZjJMV3BHemEzWlZUSVlhQk0xSC9hWEsyd1pDT29HUFJwc1JSQkJKZTBDUUM0ZVNRTWdUMEFMSStCRmVKcTRxCkZLYUZVQUMyUFhiL0ZLQXE1NnNFaHdtRkhTTysyMms4SzhrZGNWK2hUOWkrajZ3aEl3Q1o4dFlTMDVFWkJZU2MKYnlKM3Y3VWRSbm5tTnZjMWJQUDJ2c2daTGpQR1ozeFljU3o5a2h2S1hPVEs5dThZcEhIdTcwYkVWTmNkWWtsWQpDQWxnSTQ5RVRZSG16c0hiLzRwaHRsRW5DQzh4bmpoalpVNlI3T0tkZ2E1SEJGRnpZMlBReDFNT3ZpR2p1VDhwCkxBUTBVUy9CRXpvNmE1bnhla2ZzamtKNVRaT29nT1cyZXh0eE42VU1tcHpyN0xIOE1xQURTVEIwQldHV0tic0oKTU5vVHcwc29YcjhXWmE5VWhrUUFJQT09Ci0tLS0tRU5EIENFUlRJRklDQVRFLS0tLS0K"
              }
            ],
            "master_authorized_networks_config": [],
            "master_version": "1.29.7-gke.1104000",
            "mesh_certificates": [],
            "min_master_version": null,
            "monitoring_config": [
              {
                "advanced_datapath_observability_config": [
                  {
                    "enable_metrics": false,
                    "enable_relay": false
                  }
                ],
                "enable_components": [
                  "SYSTEM_COMPONENTS",
                  "STORAGE",
                  "HPA",
                  "POD",
                  "DAEMONSET",
                  "DEPLOYMENT",
                  "STATEFULSET",
                  "CADVISOR",
                  "KUBELET"
                ],
                "managed_prometheus": [
                  {
                    "enabled": true
                  }
                ]
              }
            ],
            "monitoring_service": "monitoring.googleapis.com/kubernetes",
            "name": "gke-cluster-java",
            "network": "projects/fast-banner-433813-r7/global/networks/vpc-cluster-java",
            "network_policy": [
              {
                "enabled": false,
                "provider": "PROVIDER_UNSPECIFIED"
              }
            ],
            "networking_mode": "VPC_NATIVE",
            "node_config": [],
            "node_locations": [
              "us-central1-a",
              "us-central1-b",
              "us-central1-c"
            ],
            "node_pool": [],
            "node_pool_auto_config": [],
            "node_pool_defaults": [
              {
                "node_config_defaults": [
                  {
                    "containerd_config": [],
                    "logging_variant": "DEFAULT"
                  }
                ]
              }
            ],
            "node_version": "1.29.7-gke.1104000",
            "notification_config": [
              {
                "pubsub": [
                  {
                    "enabled": false,
                    "filter": [],
                    "topic": ""
                  }
                ]
              }
            ],
            "operation": null,
            "private_cluster_config": [
              {
                "enable_private_endpoint": false,
                "enable_private_nodes": false,
                "master_global_access_config": [
                  {
                    "enabled": false
                  }
                ],
                "master_ipv4_cidr_block": "",
                "peering_name": "",
                "private_endpoint": "10.0.0.2",
                "private_endpoint_subnetwork": "",
                "public_endpoint": "34.172.16.235"
              }
            ],
            "private_ipv6_google_access": "",
            "project": "fast-banner-433813-r7",
            "release_channel": [
              {
                "channel": "REGULAR"
              }
            ],
            "remove_default_node_pool": true,
            "resource_labels": {},
            "resource_usage_export_config": [],
            "security_posture_config": [
              {
                "mode": "BASIC",
                "vulnerability_mode": "VULNERABILITY_MODE_UNSPECIFIED"
              }
            ],
            "self_link": "https://container.googleapis.com/v1/projects/fast-banner-433813-r7/locations/us-central1/clusters/gke-cluster-java",
            "service_external_ips_config": [
              {
                "enabled": false
              }
            ],
            "services_ipv4_cidr": "34.118.224.0/20",
            "subnetwork": "projects/fast-banner-433813-r7/regions/us-central1/subnetworks/subnet-cluster-java",
            "terraform_labels": {
              "goog-terraform-provisioned": "true"
            },
            "timeouts": null,
            "tpu_ipv4_cidr_block": "",
            "vertical_pod_autoscaling": [],
            "workload_identity_config": []
          },
          "sensitive_attributes": [
            [
              {
                "type": "get_attr",
                "value": "master_auth"
              },
              {
                "type": "index",
                "value": {
                  "value": 0,
                  "type": "number"
                }
              },
              {
                "type": "get_attr",
                "value": "client_key"
              }
            ]
          ],
          "private": "eyJlMmJmYjczMC1lY2FhLTExZTYtOGY4OC0zNDM2M2JjN2M0YzAiOnsiY3JlYXRlIjoyNDAwMDAwMDAwMDAwLCJkZWxldGUiOjI0MDAwMDAwMDAwMDAsInJlYWQiOjI0MDAwMDAwMDAwMDAsInVwZGF0ZSI6MzYwMDAwMDAwMDAwMH0sInNjaGVtYV92ZXJzaW9uIjoiMiJ9",
          "dependencies": [
            "google_compute_network.vpc_networks",
            "google_compute_subnetwork.subnets"
          ]
        },
        {
          "index_key": 1,
          "schema_version": 2,
          "attributes": {
            "addons_config": [
              {
                "cloudrun_config": [],
                "config_connector_config": [],
                "dns_cache_config": [],
                "gce_persistent_disk_csi_driver_config": [
                  {
                    "enabled": true
                  }
                ],
                "gcp_filestore_csi_driver_config": [],
                "gcs_fuse_csi_driver_config": [],
                "gke_backup_agent_config": [],
                "horizontal_pod_autoscaling": [],
                "http_load_balancing": [],
                "network_policy_config": [
                  {
                    "disabled": true
                  }
                ],
                "ray_operator_config": [],
                "stateful_ha_config": []
              }
            ],
            "allow_net_admin": null,
            "authenticator_groups_config": [],
            "binary_authorization": [
              {
                "enabled": false,
                "evaluation_mode": ""
              }
            ],
            "cluster_autoscaling": [
              {
                "auto_provisioning_defaults": [],
                "auto_provisioning_locations": [],
                "autoscaling_profile": "BALANCED",
                "enabled": false,
                "resource_limits": []
              }
            ],
            "cluster_ipv4_cidr": "10.124.0.0/14",
            "confidential_nodes": [],
            "cost_management_config": [],
            "database_encryption": [
              {
                "key_name": "",
                "state": "DECRYPTED"
              }
            ],
            "datapath_provider": "",
            "default_max_pods_per_node": 110,
            "default_snat_status": [
              {
                "disabled": false
              }
            ],
            "deletion_protection": false,
            "description": "",
            "dns_config": [],
            "effective_labels": {
              "goog-terraform-provisioned": "true"
            },
            "enable_autopilot": false,
            "enable_cilium_clusterwide_network_policy": false,
            "enable_intranode_visibility": false,
            "enable_k8s_beta_apis": [],
            "enable_kubernetes_alpha": false,
            "enable_l4_ilb_subsetting": false,
            "enable_legacy_abac": false,
            "enable_multi_networking": false,
            "enable_shielded_nodes": true,
            "enable_tpu": false,
            "endpoint": "35.224.233.168",
            "fleet": [],
            "gateway_api_config": [],
            "id": "projects/fast-banner-433813-r7/locations/us-central1/clusters/gke-cluster-python",
            "identity_service_config": [],
            "initial_node_count": 1,
            "ip_allocation_policy": [
              {
                "additional_pod_ranges_config": [],
                "cluster_ipv4_cidr_block": "10.124.0.0/14",
                "cluster_secondary_range_name": "gke-gke-cluster-python-pods-273b1cf8",
                "pod_cidr_overprovision_config": [
                  {
                    "disabled": false
                  }
                ],
                "services_ipv4_cidr_block": "34.118.224.0/20",
                "services_secondary_range_name": "",
                "stack_type": "IPV4"
              }
            ],
            "label_fingerprint": "78cdf2f6",
            "location": "us-central1",
            "logging_config": [
              {
                "enable_components": [
                  "SYSTEM_COMPONENTS",
                  "WORKLOADS"
                ]
              }
            ],
            "logging_service": "logging.googleapis.com/kubernetes",
            "maintenance_policy": [],
            "master_auth": [
              {
                "client_certificate": "",
                "client_certificate_config": [
                  {
                    "issue_client_certificate": false
                  }
                ],
                "client_key": "",
                "cluster_ca_certificate": "LS0tLS1CRUdJTiBDRVJUSUZJQ0FURS0tLS0tCk1JSUVMRENDQXBTZ0F3SUJBZ0lRSHo5dGk4bXFyZ2RaY0pBUXB2MjFzekFOQmdrcWhraUc5dzBCQVFzRkFEQXYKTVMwd0t3WURWUVFERXlRMU5UWmxNRGhsTmkwek5qWXlMVFJoWXpNdFlUTTBaQzFqTXpoalltUTJNRFppWWpRdwpJQmNOTWpRd09UQXlNRGcxTmpFMFdoZ1BNakExTkRBNE1qWXdPVFUyTVRSYU1DOHhMVEFyQmdOVkJBTVRKRFUxCk5tVXdPR1UyTFRNMk5qSXROR0ZqTXkxaE16UmtMV016T0dOaVpEWXdObUppTkRDQ0FhSXdEUVlKS29aSWh2Y04KQVFFQkJRQURnZ0dQQURDQ0FZb0NnZ0dCQUorSHEvK2NyRDh2VjRKN0Z6Mkd6aldrQjRPVmZ4cUl2ZDN2UDRUcgpDVEd6NHdBTVRSU1VENTd5M1AxNW1zSGxQc3lhTm5zbHMvalloVHhUVWV3WTdsNnA2ZmRpc1EyUS9aMHlxWXIrCm9tUWxmMWo0K1U1alFKcVlxVEVFTkFLTjBRU2FmSkhBOWdDV0ViMittRlk4aUU1VHJmaDBRa2x1RTE2WXBzY2sKajl2L29sSWkxamttZkxLM1FwQStTaTlmRlg3QjBHYkdwY08rTmk3ZXdRcXd6bXBxSWo3djd1TFNlVHphVEdyMQpjQkdsSHgvazgwR3pKT0pNdThOYzYrdW0vR3gxbTB1WDBRdEdRUTIwenhtVFkzbmk0NHIrb1FmUDF0ZXRrS0d4CkJ0c0V0NUZrNnlINkY3YWhDREtkdlNKMmozVzltWEdwaFlYN25ZYVhDQVpxcE84d21VTExSYi9IWVFnRTc4c3gKOUhBdHcxaVVDYm0yZ1o4aU9odExLTGQ3ZGgrMnZRekVWcnZaeWRGMnJYbGYrRWZkNDdRU0Uvc0RRWUVOdklCcgpTR1l4WGxvSVZQaFhEUUtkY3EzNlNML2duci8vaGRnSCsrNXlIalZQSWVwckl2L2xqYndlWFBvMzhuSmxmZk5kCm9jckRkbGFNV1pkcFVkczFXZjBJSG5NUmJ3SURBUUFCbzBJd1FEQU9CZ05WSFE4QkFmOEVCQU1DQWdRd0R3WUQKVlIwVEFRSC9CQVV3QXdFQi96QWRCZ05WSFE0RUZnUVViM3FaTUJMcXFJK3M5NkZ2Z0txRlpLQ2hZMFV3RFFZSgpLb1pJaHZjTkFRRUxCUUFEZ2dHQkFHK1VJRjN3UlFDWW9RYlZaWUdYOWxYVzBTZ2RjVWsxZVdXS0MrbVZNb21zCmV0NDRKVE9GY0hZam41S1Z6b2lYT0FyVFlQd0U4T1lXSWpFVWRrSm41eEpHVVNBQnp3a0EvNk4yWkRwTGxOZTMKUzVCQk9mZVJLajlEYVFIeVdUeWVOMkxtZ2s3YWhpRGlySUpLTUM2SFdaOWloUUloVHpxejliLytxUWFmUUs1NgpEUllLeXJ4RVRmZkY1NFhmcGpyK29wNE8wd09nQ2x2ZXcyZXJVUGFzVkE1ZmZieHZwYVJJeGVYNVg1UEZKRGZhCjUySWp4d2htOGMvUytnWGdYVzJOdlZrUnJVc2RTekJ5T1NFMk02S3lhQmdkQlpYMm1iMnFtQ1NnQlY5VjRCNlcKcEY3NytaYnRSNjhGS2M4VG1KM1Bmb3hSTitiWHN6SXM1em9PSVlMdWhVRGtXaFlmNmRkaTVrcHJlUmpsd3hwTApvazRPYzlmc01YT3BwTG5weE5qWW55Rit2cWNja2Vpd2VqTEkzMjdDTG9pU1FtdjNEQTNBd3lOS1NWZFhuWTlKCkUxbjhrTmx5a3VrTHdhajlqMW05eWpEWFJseXZueEZEckxkaVYrY200aDBIa1BZS1Nwc0NHNXlTUmlDR0tjZWQKS3JIZDJLUFlQRW5FdkFHd21BUWxNUT09Ci0tLS0tRU5EIENFUlRJRklDQVRFLS0tLS0K"
              }
            ],
            "master_authorized_networks_config": [],
            "master_version": "1.29.7-gke.1104000",
            "mesh_certificates": [],
            "min_master_version": null,
            "monitoring_config": [
              {
                "advanced_datapath_observability_config": [
                  {
                    "enable_metrics": false,
                    "enable_relay": false
                  }
                ],
                "enable_components": [
                  "SYSTEM_COMPONENTS",
                  "DAEMONSET",
                  "DEPLOYMENT",
                  "STATEFULSET",
                  "STORAGE",
                  "HPA",
                  "POD",
                  "CADVISOR",
                  "KUBELET"
                ],
                "managed_prometheus": [
                  {
                    "enabled": true
                  }
                ]
              }
            ],
            "monitoring_service": "monitoring.googleapis.com/kubernetes",
            "name": "gke-cluster-python",
            "network": "projects/fast-banner-433813-r7/global/networks/vpc-cluster-python",
            "network_policy": [
              {
                "enabled": false,
                "provider": "PROVIDER_UNSPECIFIED"
              }
            ],
            "networking_mode": "VPC_NATIVE",
            "node_config": [],
            "node_locations": [
              "us-central1-b",
              "us-central1-c",
              "us-central1-f"
            ],
            "node_pool": [],
            "node_pool_auto_config": [],
            "node_pool_defaults": [
              {
                "node_config_defaults": [
                  {
                    "containerd_config": [],
                    "logging_variant": "DEFAULT"
                  }
                ]
              }
            ],
            "node_version": "1.29.7-gke.1104000",
            "notification_config": [
              {
                "pubsub": [
                  {
                    "enabled": false,
                    "filter": [],
                    "topic": ""
                  }
                ]
              }
            ],
            "operation": null,
            "private_cluster_config": [
              {
                "enable_private_endpoint": false,
                "enable_private_nodes": false,
                "master_global_access_config": [
                  {
                    "enabled": false
                  }
                ],
                "master_ipv4_cidr_block": "",
                "peering_name": "",
                "private_endpoint": "10.1.0.10",
                "private_endpoint_subnetwork": "",
                "public_endpoint": "35.224.233.168"
              }
            ],
            "private_ipv6_google_access": "",
            "project": "fast-banner-433813-r7",
            "release_channel": [
              {
                "channel": "REGULAR"
              }
            ],
            "remove_default_node_pool": true,
            "resource_labels": null,
            "resource_usage_export_config": [],
            "security_posture_config": [
              {
                "mode": "BASIC",
                "vulnerability_mode": "VULNERABILITY_MODE_UNSPECIFIED"
              }
            ],
            "self_link": "https://container.googleapis.com/v1/projects/fast-banner-433813-r7/locations/us-central1/clusters/gke-cluster-python",
            "service_external_ips_config": [
              {
                "enabled": false
              }
            ],
            "services_ipv4_cidr": "34.118.224.0/20",
            "subnetwork": "projects/fast-banner-433813-r7/regions/us-central1/subnetworks/subnet-cluster-python",
            "terraform_labels": {
              "goog-terraform-provisioned": "true"
            },
            "timeouts": null,
            "tpu_ipv4_cidr_block": "",
            "vertical_pod_autoscaling": [],
            "workload_identity_config": []
          },
          "sensitive_attributes": [
            [
              {
                "type": "get_attr",
                "value": "master_auth"
              },
              {
                "type": "index",
                "value": {
                  "value": 0,
                  "type": "number"
                }
              },
              {
                "type": "get_attr",
                "value": "client_key"
              }
            ]
          ],
          "private": "eyJlMmJmYjczMC1lY2FhLTExZTYtOGY4OC0zNDM2M2JjN2M0YzAiOnsiY3JlYXRlIjoyNDAwMDAwMDAwMDAwLCJkZWxldGUiOjI0MDAwMDAwMDAwMDAsInJlYWQiOjI0MDAwMDAwMDAwMDAsInVwZGF0ZSI6MzYwMDAwMDAwMDAwMH0sInNjaGVtYV92ZXJzaW9uIjoiMiJ9",
          "dependencies": [
            "google_compute_network.vpc_networks",
            "google_compute_subnetwork.subnets"
          ]
        }
      ]
    }
  ],
  "check_results": null
}
