{
  "version": 4,
  "terraform_version": "1.9.5",
  "serial": 36,
  "lineage": "fb6313d7-e760-df83-3fde-6a94ccc56d2a",
  "outputs": {},
  "resources": [
    {
      "mode": "managed",
      "type": "google_compute_firewall",
      "name": "allow_external",
      "provider": "provider[\"registry.terraform.io/hashicorp/google\"]",
      "instances": [
        {
          "index_key": 0,
          "schema_version": 1,
          "attributes": {
            "allow": [
              {
                "ports": [
                  "80",
                  "443"
                ],
                "protocol": "tcp"
              }
            ],
            "creation_timestamp": "2024-08-30T05:43:16.131-07:00",
            "deny": [],
            "description": "",
            "destination_ranges": [],
            "direction": "INGRESS",
            "disabled": false,
            "enable_logging": null,
            "id": "projects/fast-banner-433813-r7/global/firewalls/allow-external-vpc-cluster-java",
            "log_config": [],
            "name": "allow-external-vpc-cluster-java",
            "network": "https://www.googleapis.com/compute/v1/projects/fast-banner-433813-r7/global/networks/vpc-cluster-java",
            "priority": 1000,
            "project": "fast-banner-433813-r7",
            "self_link": "https://www.googleapis.com/compute/v1/projects/fast-banner-433813-r7/global/firewalls/allow-external-vpc-cluster-java",
            "source_ranges": [
              "0.0.0.0/0"
            ],
            "source_service_accounts": [],
            "source_tags": [],
            "target_service_accounts": [],
            "target_tags": [],
            "timeouts": null
          },
          "sensitive_attributes": [],
          "private": "eyJlMmJmYjczMC1lY2FhLTExZTYtOGY4OC0zNDM2M2JjN2M0YzAiOnsiY3JlYXRlIjoxMjAwMDAwMDAwMDAwLCJkZWxldGUiOjEyMDAwMDAwMDAwMDAsInVwZGF0ZSI6MTIwMDAwMDAwMDAwMH0sInNjaGVtYV92ZXJzaW9uIjoiMSJ9",
          "dependencies": [
            "google_compute_network.vpc_networks"
          ]
        },
        {
          "index_key": 1,
          "schema_version": 1,
          "attributes": {
            "allow": [
              {
                "ports": [
                  "80",
                  "443"
                ],
                "protocol": "tcp"
              }
            ],
            "creation_timestamp": "2024-08-30T05:43:10.907-07:00",
            "deny": [],
            "description": "",
            "destination_ranges": [],
            "direction": "INGRESS",
            "disabled": false,
            "enable_logging": null,
            "id": "projects/fast-banner-433813-r7/global/firewalls/allow-external-vpc-cluster-python",
            "log_config": [],
            "name": "allow-external-vpc-cluster-python",
            "network": "https://www.googleapis.com/compute/v1/projects/fast-banner-433813-r7/global/networks/vpc-cluster-python",
            "priority": 1000,
            "project": "fast-banner-433813-r7",
            "self_link": "https://www.googleapis.com/compute/v1/projects/fast-banner-433813-r7/global/firewalls/allow-external-vpc-cluster-python",
            "source_ranges": [
              "0.0.0.0/0"
            ],
            "source_service_accounts": [],
            "source_tags": [],
            "target_service_accounts": [],
            "target_tags": [],
            "timeouts": null
          },
          "sensitive_attributes": [],
          "private": "eyJlMmJmYjczMC1lY2FhLTExZTYtOGY4OC0zNDM2M2JjN2M0YzAiOnsiY3JlYXRlIjoxMjAwMDAwMDAwMDAwLCJkZWxldGUiOjEyMDAwMDAwMDAwMDAsInVwZGF0ZSI6MTIwMDAwMDAwMDAwMH0sInNjaGVtYV92ZXJzaW9uIjoiMSJ9",
          "dependencies": [
            "google_compute_network.vpc_networks"
          ]
        }
      ]
    },
    {
      "mode": "managed",
      "type": "google_compute_firewall",
      "name": "allow_internal",
      "provider": "provider[\"registry.terraform.io/hashicorp/google\"]",
      "instances": [
        {
          "index_key": 0,
          "schema_version": 1,
          "attributes": {
            "allow": [
              {
                "ports": [
                  "0-65535"
                ],
                "protocol": "tcp"
              },
              {
                "ports": [
                  "0-65535"
                ],
                "protocol": "udp"
              },
              {
                "ports": [],
                "protocol": "icmp"
              }
            ],
            "creation_timestamp": "2024-08-30T05:43:16.069-07:00",
            "deny": [],
            "description": "",
            "destination_ranges": [],
            "direction": "INGRESS",
            "disabled": false,
            "enable_logging": null,
            "id": "projects/fast-banner-433813-r7/global/firewalls/allow-internal-vpc-cluster-java",
            "log_config": [],
            "name": "allow-internal-vpc-cluster-java",
            "network": "https://www.googleapis.com/compute/v1/projects/fast-banner-433813-r7/global/networks/vpc-cluster-java",
            "priority": 1000,
            "project": "fast-banner-433813-r7",
            "self_link": "https://www.googleapis.com/compute/v1/projects/fast-banner-433813-r7/global/firewalls/allow-internal-vpc-cluster-java",
            "source_ranges": [
              "10.0.0.0/8"
            ],
            "source_service_accounts": [],
            "source_tags": [],
            "target_service_accounts": [],
            "target_tags": [
              "internal"
            ],
            "timeouts": null
          },
          "sensitive_attributes": [],
          "private": "eyJlMmJmYjczMC1lY2FhLTExZTYtOGY4OC0zNDM2M2JjN2M0YzAiOnsiY3JlYXRlIjoxMjAwMDAwMDAwMDAwLCJkZWxldGUiOjEyMDAwMDAwMDAwMDAsInVwZGF0ZSI6MTIwMDAwMDAwMDAwMH0sInNjaGVtYV92ZXJzaW9uIjoiMSJ9",
          "dependencies": [
            "google_compute_network.vpc_networks"
          ]
        },
        {
          "index_key": 1,
          "schema_version": 1,
          "attributes": {
            "allow": [
              {
                "ports": [
                  "0-65535"
                ],
                "protocol": "tcp"
              },
              {
                "ports": [
                  "0-65535"
                ],
                "protocol": "udp"
              },
              {
                "ports": [],
                "protocol": "icmp"
              }
            ],
            "creation_timestamp": "2024-08-30T05:43:13.171-07:00",
            "deny": [],
            "description": "",
            "destination_ranges": [],
            "direction": "INGRESS",
            "disabled": false,
            "enable_logging": null,
            "id": "projects/fast-banner-433813-r7/global/firewalls/allow-internal-vpc-cluster-python",
            "log_config": [],
            "name": "allow-internal-vpc-cluster-python",
            "network": "https://www.googleapis.com/compute/v1/projects/fast-banner-433813-r7/global/networks/vpc-cluster-python",
            "priority": 1000,
            "project": "fast-banner-433813-r7",
            "self_link": "https://www.googleapis.com/compute/v1/projects/fast-banner-433813-r7/global/firewalls/allow-internal-vpc-cluster-python",
            "source_ranges": [
              "10.0.0.0/8"
            ],
            "source_service_accounts": [],
            "source_tags": [],
            "target_service_accounts": [],
            "target_tags": [
              "internal"
            ],
            "timeouts": null
          },
          "sensitive_attributes": [],
          "private": "eyJlMmJmYjczMC1lY2FhLTExZTYtOGY4OC0zNDM2M2JjN2M0YzAiOnsiY3JlYXRlIjoxMjAwMDAwMDAwMDAwLCJkZWxldGUiOjEyMDAwMDAwMDAwMDAsInVwZGF0ZSI6MTIwMDAwMDAwMDAwMH0sInNjaGVtYV92ZXJzaW9uIjoiMSJ9",
          "dependencies": [
            "google_compute_network.vpc_networks"
          ]
        }
      ]
    },
    {
      "mode": "managed",
      "type": "google_compute_firewall",
      "name": "allow_ssh",
      "provider": "provider[\"registry.terraform.io/hashicorp/google\"]",
      "instances": [
        {
          "index_key": 0,
          "schema_version": 1,
          "attributes": {
            "allow": [
              {
                "ports": [
                  "22"
                ],
                "protocol": "tcp"
              }
            ],
            "creation_timestamp": "2024-08-30T05:43:10.929-07:00",
            "deny": [],
            "description": "",
            "destination_ranges": [],
            "direction": "INGRESS",
            "disabled": false,
            "enable_logging": null,
            "id": "projects/fast-banner-433813-r7/global/firewalls/allow-ssh-vpc-cluster-java",
            "log_config": [],
            "name": "allow-ssh-vpc-cluster-java",
            "network": "https://www.googleapis.com/compute/v1/projects/fast-banner-433813-r7/global/networks/vpc-cluster-java",
            "priority": 1000,
            "project": "fast-banner-433813-r7",
            "self_link": "https://www.googleapis.com/compute/v1/projects/fast-banner-433813-r7/global/firewalls/allow-ssh-vpc-cluster-java",
            "source_ranges": [
              "0.0.0.0/0"
            ],
            "source_service_accounts": [],
            "source_tags": [],
            "target_service_accounts": [],
            "target_tags": [],
            "timeouts": null
          },
          "sensitive_attributes": [],
          "private": "eyJlMmJmYjczMC1lY2FhLTExZTYtOGY4OC0zNDM2M2JjN2M0YzAiOnsiY3JlYXRlIjoxMjAwMDAwMDAwMDAwLCJkZWxldGUiOjEyMDAwMDAwMDAwMDAsInVwZGF0ZSI6MTIwMDAwMDAwMDAwMH0sInNjaGVtYV92ZXJzaW9uIjoiMSJ9",
          "dependencies": [
            "google_compute_network.vpc_networks"
          ]
        },
        {
          "index_key": 1,
          "schema_version": 1,
          "attributes": {
            "allow": [
              {
                "ports": [
                  "22"
                ],
                "protocol": "tcp"
              }
            ],
            "creation_timestamp": "2024-08-30T05:43:22.764-07:00",
            "deny": [],
            "description": "",
            "destination_ranges": [],
            "direction": "INGRESS",
            "disabled": false,
            "enable_logging": null,
            "id": "projects/fast-banner-433813-r7/global/firewalls/allow-ssh-vpc-cluster-python",
            "log_config": [],
            "name": "allow-ssh-vpc-cluster-python",
            "network": "https://www.googleapis.com/compute/v1/projects/fast-banner-433813-r7/global/networks/vpc-cluster-python",
            "priority": 1000,
            "project": "fast-banner-433813-r7",
            "self_link": "https://www.googleapis.com/compute/v1/projects/fast-banner-433813-r7/global/firewalls/allow-ssh-vpc-cluster-python",
            "source_ranges": [
              "0.0.0.0/0"
            ],
            "source_service_accounts": [],
            "source_tags": [],
            "target_service_accounts": [],
            "target_tags": [],
            "timeouts": null
          },
          "sensitive_attributes": [],
          "private": "eyJlMmJmYjczMC1lY2FhLTExZTYtOGY4OC0zNDM2M2JjN2M0YzAiOnsiY3JlYXRlIjoxMjAwMDAwMDAwMDAwLCJkZWxldGUiOjEyMDAwMDAwMDAwMDAsInVwZGF0ZSI6MTIwMDAwMDAwMDAwMH0sInNjaGVtYV92ZXJzaW9uIjoiMSJ9",
          "dependencies": [
            "google_compute_network.vpc_networks"
          ]
        }
      ]
    },
    {
      "mode": "managed",
      "type": "google_compute_firewall",
      "name": "deny_all",
      "provider": "provider[\"registry.terraform.io/hashicorp/google\"]",
      "instances": [
        {
          "index_key": 0,
          "schema_version": 1,
          "attributes": {
            "allow": [],
            "creation_timestamp": "2024-08-30T05:43:10.916-07:00",
            "deny": [
              {
                "ports": [],
                "protocol": "all"
              }
            ],
            "description": "",
            "destination_ranges": [],
            "direction": "INGRESS",
            "disabled": false,
            "enable_logging": null,
            "id": "projects/fast-banner-433813-r7/global/firewalls/deny-all-vpc-cluster-java",
            "log_config": [],
            "name": "deny-all-vpc-cluster-java",
            "network": "https://www.googleapis.com/compute/v1/projects/fast-banner-433813-r7/global/networks/vpc-cluster-java",
            "priority": 1000,
            "project": "fast-banner-433813-r7",
            "self_link": "https://www.googleapis.com/compute/v1/projects/fast-banner-433813-r7/global/firewalls/deny-all-vpc-cluster-java",
            "source_ranges": [
              "0.0.0.0/0"
            ],
            "source_service_accounts": [],
            "source_tags": [],
            "target_service_accounts": [],
            "target_tags": [],
            "timeouts": null
          },
          "sensitive_attributes": [],
          "private": "eyJlMmJmYjczMC1lY2FhLTExZTYtOGY4OC0zNDM2M2JjN2M0YzAiOnsiY3JlYXRlIjoxMjAwMDAwMDAwMDAwLCJkZWxldGUiOjEyMDAwMDAwMDAwMDAsInVwZGF0ZSI6MTIwMDAwMDAwMDAwMH0sInNjaGVtYV92ZXJzaW9uIjoiMSJ9",
          "dependencies": [
            "google_compute_network.vpc_networks"
          ]
        },
        {
          "index_key": 1,
          "schema_version": 1,
          "attributes": {
            "allow": [],
            "creation_timestamp": "2024-08-30T05:43:10.935-07:00",
            "deny": [
              {
                "ports": [],
                "protocol": "all"
              }
            ],
            "description": "",
            "destination_ranges": [],
            "direction": "INGRESS",
            "disabled": false,
            "enable_logging": null,
            "id": "projects/fast-banner-433813-r7/global/firewalls/deny-all-vpc-cluster-python",
            "log_config": [],
            "name": "deny-all-vpc-cluster-python",
            "network": "https://www.googleapis.com/compute/v1/projects/fast-banner-433813-r7/global/networks/vpc-cluster-python",
            "priority": 1000,
            "project": "fast-banner-433813-r7",
            "self_link": "https://www.googleapis.com/compute/v1/projects/fast-banner-433813-r7/global/firewalls/deny-all-vpc-cluster-python",
            "source_ranges": [
              "0.0.0.0/0"
            ],
            "source_service_accounts": [],
            "source_tags": [],
            "target_service_accounts": [],
            "target_tags": [],
            "timeouts": null
          },
          "sensitive_attributes": [],
          "private": "eyJlMmJmYjczMC1lY2FhLTExZTYtOGY4OC0zNDM2M2JjN2M0YzAiOnsiY3JlYXRlIjoxMjAwMDAwMDAwMDAwLCJkZWxldGUiOjEyMDAwMDAwMDAwMDAsInVwZGF0ZSI6MTIwMDAwMDAwMDAwMH0sInNjaGVtYV92ZXJzaW9uIjoiMSJ9",
          "dependencies": [
            "google_compute_network.vpc_networks"
          ]
        }
      ]
    },
    {
      "mode": "managed",
      "type": "google_compute_network",
      "name": "vpc_networks",
      "provider": "provider[\"registry.terraform.io/hashicorp/google\"]",
      "instances": [
        {
          "index_key": 0,
          "schema_version": 0,
          "attributes": {
            "auto_create_subnetworks": false,
            "delete_default_routes_on_create": false,
            "description": "",
            "enable_ula_internal_ipv6": false,
            "gateway_ipv4": "",
            "id": "projects/fast-banner-433813-r7/global/networks/vpc-cluster-java",
            "internal_ipv6_range": "",
            "mtu": 0,
            "name": "vpc-cluster-java",
            "network_firewall_policy_enforcement_order": "AFTER_CLASSIC_FIREWALL",
            "numeric_id": "1304180085384544445",
            "project": "fast-banner-433813-r7",
            "routing_mode": "REGIONAL",
            "self_link": "https://www.googleapis.com/compute/v1/projects/fast-banner-433813-r7/global/networks/vpc-cluster-java",
            "timeouts": null
          },
          "sensitive_attributes": [],
          "private": "eyJlMmJmYjczMC1lY2FhLTExZTYtOGY4OC0zNDM2M2JjN2M0YzAiOnsiY3JlYXRlIjoxMjAwMDAwMDAwMDAwLCJkZWxldGUiOjEyMDAwMDAwMDAwMDAsInVwZGF0ZSI6MTIwMDAwMDAwMDAwMH19"
        },
        {
          "index_key": 1,
          "schema_version": 0,
          "attributes": {
            "auto_create_subnetworks": false,
            "delete_default_routes_on_create": false,
            "description": "",
            "enable_ula_internal_ipv6": false,
            "gateway_ipv4": "",
            "id": "projects/fast-banner-433813-r7/global/networks/vpc-cluster-python",
            "internal_ipv6_range": "",
            "mtu": 0,
            "name": "vpc-cluster-python",
            "network_firewall_policy_enforcement_order": "AFTER_CLASSIC_FIREWALL",
            "numeric_id": "3359523074133983421",
            "project": "fast-banner-433813-r7",
            "routing_mode": "REGIONAL",
            "self_link": "https://www.googleapis.com/compute/v1/projects/fast-banner-433813-r7/global/networks/vpc-cluster-python",
            "timeouts": null
          },
          "sensitive_attributes": [],
          "private": "eyJlMmJmYjczMC1lY2FhLTExZTYtOGY4OC0zNDM2M2JjN2M0YzAiOnsiY3JlYXRlIjoxMjAwMDAwMDAwMDAwLCJkZWxldGUiOjEyMDAwMDAwMDAwMDAsInVwZGF0ZSI6MTIwMDAwMDAwMDAwMH19"
        }
      ]
    },
    {
      "mode": "managed",
      "type": "google_compute_network_peering",
      "name": "peering1_to_peering2",
      "provider": "provider[\"registry.terraform.io/hashicorp/google\"]",
      "instances": [
        {
          "schema_version": 0,
          "attributes": {
            "export_custom_routes": false,
            "export_subnet_routes_with_public_ip": true,
            "id": "vpc-cluster-java/peering1-to-peering2",
            "import_custom_routes": false,
            "import_subnet_routes_with_public_ip": false,
            "name": "peering1-to-peering2",
            "network": "https://www.googleapis.com/compute/v1/projects/fast-banner-433813-r7/global/networks/vpc-cluster-java",
            "peer_network": "https://www.googleapis.com/compute/v1/projects/fast-banner-433813-r7/global/networks/vpc-cluster-python",
            "stack_type": "IPV4_ONLY",
            "state": "ACTIVE",
            "state_details": "[2024-09-02T03:11:54.035-07:00]: Connected.",
            "timeouts": null
          },
          "sensitive_attributes": [],
          "private": "eyJlMmJmYjczMC1lY2FhLTExZTYtOGY4OC0zNDM2M2JjN2M0YzAiOnsiY3JlYXRlIjoyNDAwMDAwMDAwMDAsImRlbGV0ZSI6MjQwMDAwMDAwMDAwLCJ1cGRhdGUiOjI0MDAwMDAwMDAwMH19",
          "dependencies": [
            "google_compute_network.vpc_networks"
          ]
        }
      ]
    },
    {
      "mode": "managed",
      "type": "google_compute_network_peering",
      "name": "peering2_to_peering1",
      "provider": "provider[\"registry.terraform.io/hashicorp/google\"]",
      "instances": [
        {
          "schema_version": 0,
          "attributes": {
            "export_custom_routes": false,
            "export_subnet_routes_with_public_ip": true,
            "id": "vpc-cluster-python/peering2-to-peering1",
            "import_custom_routes": false,
            "import_subnet_routes_with_public_ip": false,
            "name": "peering2-to-peering1",
            "network": "https://www.googleapis.com/compute/v1/projects/fast-banner-433813-r7/global/networks/vpc-cluster-python",
            "peer_network": "https://www.googleapis.com/compute/v1/projects/fast-banner-433813-r7/global/networks/vpc-cluster-java",
            "stack_type": "IPV4_ONLY",
            "state": "ACTIVE",
            "state_details": "[2024-09-02T03:15:18.195-07:00]: Connected.",
            "timeouts": null
          },
          "sensitive_attributes": [],
          "private": "eyJlMmJmYjczMC1lY2FhLTExZTYtOGY4OC0zNDM2M2JjN2M0YzAiOnsiY3JlYXRlIjoyNDAwMDAwMDAwMDAsImRlbGV0ZSI6MjQwMDAwMDAwMDAwLCJ1cGRhdGUiOjI0MDAwMDAwMDAwMH19",
          "dependencies": [
            "google_compute_network.vpc_networks"
          ]
        }
      ]
    },
    {
      "mode": "managed",
      "type": "google_compute_router",
      "name": "nat_router",
      "provider": "provider[\"registry.terraform.io/hashicorp/google\"]",
      "instances": [
        {
          "index_key": 0,
          "schema_version": 0,
          "attributes": {
            "bgp": [],
            "creation_timestamp": "2024-08-30T05:43:11.851-07:00",
            "description": "",
            "encrypted_interconnect_router": false,
            "id": "projects/fast-banner-433813-r7/regions/us-central1/routers/nat-router-vpc-cluster-java",
            "name": "nat-router-vpc-cluster-java",
            "network": "https://www.googleapis.com/compute/v1/projects/fast-banner-433813-r7/global/networks/vpc-cluster-java",
            "project": "fast-banner-433813-r7",
            "region": "us-central1",
            "self_link": "https://www.googleapis.com/compute/v1/projects/fast-banner-433813-r7/regions/us-central1/routers/nat-router-vpc-cluster-java",
            "timeouts": null
          },
          "sensitive_attributes": [],
          "private": "eyJlMmJmYjczMC1lY2FhLTExZTYtOGY4OC0zNDM2M2JjN2M0YzAiOnsiY3JlYXRlIjoxMjAwMDAwMDAwMDAwLCJkZWxldGUiOjEyMDAwMDAwMDAwMDAsInVwZGF0ZSI6MTIwMDAwMDAwMDAwMH19",
          "dependencies": [
            "google_compute_network.vpc_networks"
          ]
        },
        {
          "index_key": 1,
          "schema_version": 0,
          "attributes": {
            "bgp": [],
            "creation_timestamp": "2024-08-30T05:43:12.884-07:00",
            "description": "",
            "encrypted_interconnect_router": false,
            "id": "projects/fast-banner-433813-r7/regions/us-central1/routers/nat-router-vpc-cluster-python",
            "name": "nat-router-vpc-cluster-python",
            "network": "https://www.googleapis.com/compute/v1/projects/fast-banner-433813-r7/global/networks/vpc-cluster-python",
            "project": "fast-banner-433813-r7",
            "region": "us-central1",
            "self_link": "https://www.googleapis.com/compute/v1/projects/fast-banner-433813-r7/regions/us-central1/routers/nat-router-vpc-cluster-python",
            "timeouts": null
          },
          "sensitive_attributes": [],
          "private": "eyJlMmJmYjczMC1lY2FhLTExZTYtOGY4OC0zNDM2M2JjN2M0YzAiOnsiY3JlYXRlIjoxMjAwMDAwMDAwMDAwLCJkZWxldGUiOjEyMDAwMDAwMDAwMDAsInVwZGF0ZSI6MTIwMDAwMDAwMDAwMH19",
          "dependencies": [
            "google_compute_network.vpc_networks"
          ]
        }
      ]
    },
    {
      "mode": "managed",
      "type": "google_compute_router_nat",
      "name": "nat_config",
      "provider": "provider[\"registry.terraform.io/hashicorp/google\"]",
      "instances": [
        {
          "index_key": 0,
          "schema_version": 0,
          "attributes": {
            "auto_network_tier": "PREMIUM",
            "drain_nat_ips": [],
            "enable_dynamic_port_allocation": false,
            "enable_endpoint_independent_mapping": false,
            "endpoint_types": [
              "ENDPOINT_TYPE_VM"
            ],
            "icmp_idle_timeout_sec": 30,
            "id": "fast-banner-433813-r7/us-central1/nat-router-vpc-cluster-java/nat-config-vpc-cluster-java",
            "log_config": [],
            "max_ports_per_vm": 0,
            "min_ports_per_vm": 0,
            "name": "nat-config-vpc-cluster-java",
            "nat_ip_allocate_option": "AUTO_ONLY",
            "nat_ips": [],
            "project": "fast-banner-433813-r7",
            "region": "us-central1",
            "router": "nat-router-vpc-cluster-java",
            "rules": [],
            "source_subnetwork_ip_ranges_to_nat": "ALL_SUBNETWORKS_ALL_IP_RANGES",
            "subnetwork": [],
            "tcp_established_idle_timeout_sec": 1200,
            "tcp_time_wait_timeout_sec": 120,
            "tcp_transitory_idle_timeout_sec": 30,
            "timeouts": null,
            "udp_idle_timeout_sec": 30
          },
          "sensitive_attributes": [],
          "private": "eyJlMmJmYjczMC1lY2FhLTExZTYtOGY4OC0zNDM2M2JjN2M0YzAiOnsiY3JlYXRlIjoxMjAwMDAwMDAwMDAwLCJkZWxldGUiOjEyMDAwMDAwMDAwMDAsInVwZGF0ZSI6MTIwMDAwMDAwMDAwMH19",
          "dependencies": [
            "google_compute_network.vpc_networks",
            "google_compute_router.nat_router"
          ]
        },
        {
          "index_key": 1,
          "schema_version": 0,
          "attributes": {
            "auto_network_tier": "PREMIUM",
            "drain_nat_ips": [],
            "enable_dynamic_port_allocation": false,
            "enable_endpoint_independent_mapping": false,
            "endpoint_types": [
              "ENDPOINT_TYPE_VM"
            ],
            "icmp_idle_timeout_sec": 30,
            "id": "fast-banner-433813-r7/us-central1/nat-router-vpc-cluster-python/nat-config-vpc-cluster-python",
            "log_config": [],
            "max_ports_per_vm": 0,
            "min_ports_per_vm": 0,
            "name": "nat-config-vpc-cluster-python",
            "nat_ip_allocate_option": "AUTO_ONLY",
            "nat_ips": [],
            "project": "fast-banner-433813-r7",
            "region": "us-central1",
            "router": "nat-router-vpc-cluster-python",
            "rules": [],
            "source_subnetwork_ip_ranges_to_nat": "ALL_SUBNETWORKS_ALL_IP_RANGES",
            "subnetwork": [],
            "tcp_established_idle_timeout_sec": 1200,
            "tcp_time_wait_timeout_sec": 120,
            "tcp_transitory_idle_timeout_sec": 30,
            "timeouts": null,
            "udp_idle_timeout_sec": 30
          },
          "sensitive_attributes": [],
          "private": "eyJlMmJmYjczMC1lY2FhLTExZTYtOGY4OC0zNDM2M2JjN2M0YzAiOnsiY3JlYXRlIjoxMjAwMDAwMDAwMDAwLCJkZWxldGUiOjEyMDAwMDAwMDAwMDAsInVwZGF0ZSI6MTIwMDAwMDAwMDAwMH19",
          "dependencies": [
            "google_compute_network.vpc_networks",
            "google_compute_router.nat_router"
          ]
        }
      ]
    },
    {
      "mode": "managed",
      "type": "google_compute_subnetwork",
      "name": "subnets",
      "provider": "provider[\"registry.terraform.io/hashicorp/google\"]",
      "instances": [
        {
          "index_key": 0,
          "schema_version": 0,
          "attributes": {
            "creation_timestamp": "2024-08-30T05:43:12.883-07:00",
            "description": "",
            "external_ipv6_prefix": "",
            "fingerprint": null,
            "gateway_address": "10.0.0.1",
            "id": "projects/fast-banner-433813-r7/regions/us-central1/subnetworks/subnet-cluster-java",
            "internal_ipv6_prefix": "",
            "ip_cidr_range": "10.0.0.0/16",
            "ipv6_access_type": "",
            "ipv6_cidr_range": "",
            "log_config": [],
            "name": "subnet-cluster-java",
            "network": "https://www.googleapis.com/compute/v1/projects/fast-banner-433813-r7/global/networks/vpc-cluster-java",
            "private_ip_google_access": true,
            "private_ipv6_google_access": "DISABLE_GOOGLE_ACCESS",
            "project": "fast-banner-433813-r7",
            "purpose": "PRIVATE",
            "region": "us-central1",
            "reserved_internal_range": "",
            "role": "",
            "secondary_ip_range": [],
            "self_link": "https://www.googleapis.com/compute/v1/projects/fast-banner-433813-r7/regions/us-central1/subnetworks/subnet-cluster-java",
            "send_secondary_ip_range_if_empty": null,
            "stack_type": "IPV4_ONLY",
            "timeouts": null
          },
          "sensitive_attributes": [],
          "private": "eyJlMmJmYjczMC1lY2FhLTExZTYtOGY4OC0zNDM2M2JjN2M0YzAiOnsiY3JlYXRlIjoxMjAwMDAwMDAwMDAwLCJkZWxldGUiOjEyMDAwMDAwMDAwMDAsInVwZGF0ZSI6MTIwMDAwMDAwMDAwMH19",
          "dependencies": [
            "google_compute_network.vpc_networks"
          ]
        },
        {
          "index_key": 1,
          "schema_version": 0,
          "attributes": {
            "creation_timestamp": "2024-08-30T05:43:12.913-07:00",
            "description": "",
            "external_ipv6_prefix": "",
            "fingerprint": null,
            "gateway_address": "10.1.0.1",
            "id": "projects/fast-banner-433813-r7/regions/us-central1/subnetworks/subnet-cluster-python",
            "internal_ipv6_prefix": "",
            "ip_cidr_range": "10.1.0.0/16",
            "ipv6_access_type": "",
            "ipv6_cidr_range": "",
            "log_config": [],
            "name": "subnet-cluster-python",
            "network": "https://www.googleapis.com/compute/v1/projects/fast-banner-433813-r7/global/networks/vpc-cluster-python",
            "private_ip_google_access": true,
            "private_ipv6_google_access": "DISABLE_GOOGLE_ACCESS",
            "project": "fast-banner-433813-r7",
            "purpose": "PRIVATE",
            "region": "us-central1",
            "reserved_internal_range": "",
            "role": "",
            "secondary_ip_range": [],
            "self_link": "https://www.googleapis.com/compute/v1/projects/fast-banner-433813-r7/regions/us-central1/subnetworks/subnet-cluster-python",
            "send_secondary_ip_range_if_empty": null,
            "stack_type": "IPV4_ONLY",
            "timeouts": null
          },
          "sensitive_attributes": [],
          "private": "eyJlMmJmYjczMC1lY2FhLTExZTYtOGY4OC0zNDM2M2JjN2M0YzAiOnsiY3JlYXRlIjoxMjAwMDAwMDAwMDAwLCJkZWxldGUiOjEyMDAwMDAwMDAwMDAsInVwZGF0ZSI6MTIwMDAwMDAwMDAwMH19",
          "dependencies": [
            "google_compute_network.vpc_networks"
          ]
        }
      ]
    },
    {
      "mode": "managed",
      "type": "google_container_cluster",
      "name": "gke_clusters",
      "provider": "provider[\"registry.terraform.io/hashicorp/google\"]",
      "instances": [
        {
          "index_key": 0,
          "schema_version": 2,
          "attributes": {
            "addons_config": [
              {
                "cloudrun_config": [],
                "config_connector_config": [],
                "dns_cache_config": [],
                "gce_persistent_disk_csi_driver_config": [
                  {
                    "enabled": true
                  }
                ],
                "gcp_filestore_csi_driver_config": [],
                "gcs_fuse_csi_driver_config": [],
                "gke_backup_agent_config": [],
                "horizontal_pod_autoscaling": [],
                "http_load_balancing": [],
                "network_policy_config": [
                  {
                    "disabled": true
                  }
                ],
                "ray_operator_config": [],
                "stateful_ha_config": []
              }
            ],
            "allow_net_admin": null,
            "authenticator_groups_config": [],
            "binary_authorization": [
              {
                "enabled": false,
                "evaluation_mode": ""
              }
            ],
            "cluster_autoscaling": [
              {
                "auto_provisioning_defaults": [],
                "auto_provisioning_locations": [],
                "autoscaling_profile": "BALANCED",
                "enabled": false,
                "resource_limits": []
              }
            ],
            "cluster_ipv4_cidr": "10.108.0.0/14",
            "confidential_nodes": [],
            "cost_management_config": [],
            "database_encryption": [
              {
                "key_name": "",
                "state": "DECRYPTED"
              }
            ],
            "datapath_provider": "",
            "default_max_pods_per_node": 110,
            "default_snat_status": [
              {
                "disabled": false
              }
            ],
            "deletion_protection": false,
            "description": "",
            "dns_config": [],
            "effective_labels": {
              "goog-terraform-provisioned": "true"
            },
            "enable_autopilot": false,
            "enable_cilium_clusterwide_network_policy": false,
            "enable_intranode_visibility": false,
            "enable_k8s_beta_apis": [],
            "enable_kubernetes_alpha": false,
            "enable_l4_ilb_subsetting": false,
            "enable_legacy_abac": false,
            "enable_multi_networking": false,
            "enable_shielded_nodes": true,
            "enable_tpu": false,
            "endpoint": "34.173.195.119",
            "fleet": [],
            "gateway_api_config": [],
            "id": "projects/fast-banner-433813-r7/locations/us-central1/clusters/gke-cluster-java",
            "identity_service_config": [],
            "initial_node_count": 1,
            "ip_allocation_policy": [
              {
                "additional_pod_ranges_config": [],
                "cluster_ipv4_cidr_block": "10.108.0.0/14",
                "cluster_secondary_range_name": "gke-gke-cluster-java-pods-37508945",
                "pod_cidr_overprovision_config": [
                  {
                    "disabled": false
                  }
                ],
                "services_ipv4_cidr_block": "34.118.224.0/20",
                "services_secondary_range_name": "",
                "stack_type": "IPV4"
              }
            ],
            "label_fingerprint": "78cdf2f6",
            "location": "us-central1",
            "logging_config": [
              {
                "enable_components": [
                  "SYSTEM_COMPONENTS",
                  "WORKLOADS"
                ]
              }
            ],
            "logging_service": "logging.googleapis.com/kubernetes",
            "maintenance_policy": [],
            "master_auth": [
              {
                "client_certificate": "",
                "client_certificate_config": [
                  {
                    "issue_client_certificate": false
                  }
                ],
                "client_key": "",
                "cluster_ca_certificate": "LS0tLS1CRUdJTiBDRVJUSUZJQ0FURS0tLS0tCk1JSUVMVENDQXBXZ0F3SUJBZ0lSQU9MR3lEc3JNd1lJazVwSTFteGNpNzR3RFFZSktvWklodmNOQVFFTEJRQXcKTHpFdE1Dc0dBMVVFQXhNa05HTTFNelU1WlRBdE9ETTBZUzAwTlRWbUxUazNPVGd0WWpSalptTTVaVGhtTURrdwpNQ0FYRFRJME1Ea3dNakE1TVRZMU1sb1lEekl3TlRRd09ESTJNVEF4TmpVeVdqQXZNUzB3S3dZRFZRUURFeVEwCll6VXpOVGxsTUMwNE16UmhMVFExTldZdE9UYzVPQzFpTkdObVl6bGxPR1l3T1RBd2dnR2lNQTBHQ1NxR1NJYjMKRFFFQkFRVUFBNElCandBd2dnR0tBb0lCZ1FDem5oWWMzRnhpWmJnQkc1OUNBeDgwK0RsU3U4c2o3SXhGTko1ZgpwSGlrcUxnWGNwVlRHWkNGZWlwSFhGelA0RXBtakU3dUl1SjcvaUNRYlZHVHJFZFROVXBxYVpTMmI5c1BmWXRECnhZWlBFdXNiYTNNWTdIVm1RUHIxSjZ4clVidm1VOTB5VHdQdEFNN2RTc0Y0OGpCTFdnTHVYc20zOFc5UU84M2EKdWRFWjRqcEpsMml0c0tuSXYvYjJ0cU5DaXpLQmVxYVc4aHVEU1oxK3ZteEw0Um1JYzFXK0ZFM1lidGEvZmgycwpKR3l0MFVKc2wvVmVDQldJd3VSRjNid2NwZy9MWFRNYXFCaWpja01hOUhCdnBwK3paQzlDY0N1UGpJcHI5NW4yCmZXSzNadkYzT1RaTlBKTzJKVWZWWG9yeGVlTU5wNEVxZ2E4TWRZNEVLeXYxV1Z5cUVnV3I4clNkb3czM1BQeEkKRFRTR2xDU1VDajVCZytEdUJYdHh0RDgyNURXVDBpSFpMbW0rQWtXWkRuTUh1NVhEby92OXQ2TjkzczFaSXovRApRaHlWYnQrUXlna2JSU1J6YXNSMzl6b2swYitJZCtXSFJ3MWFPVk1ZK2cvV096aExsNVM4ODZ1SDk0dG13VFVPCjNsbC95Vm4xUmRoVUZWdFBPRk1QeTlEODZHY0NBd0VBQWFOQ01FQXdEZ1lEVlIwUEFRSC9CQVFEQWdJRU1BOEcKQTFVZEV3RUIvd1FGTUFNQkFmOHdIUVlEVlIwT0JCWUVGSWRrbXlvbGZ3TTlWeEpIOWJMdERBWGIrY3B6TUEwRwpDU3FHU0liM0RRRUJDd1VBQTRJQmdRQjVJWW5DYUFPb3FoU0loelZwMElsN3gzVGUwQSs1eUROQjNSaklIem9uCjZsMTg3My9CVmduT1V2RGpvMGY3MXBXT1ZSV2pxQmEvM0dDd09IZlZ5Rm9mMVBnUHVMMEp2dG9yRmRIRVpWY0gKbjRuZTkvZGR5OEN6VVNwOFJDaWIyekhhWkZldEtQYkZrMjF0ZlRNSTJhekNRUkVwN0w3akxDTUhEUnloTnFKLwpBeGUxa2dNcE1KME9EdEpwaTZlZDJrb2t3ajRMbFhIUFZuSFBrR3VUR0lUbHhtRDVpa29BUXkwaVdNcnpJZXp4Cll1M2VDTHhJWFU5eERUL0h2WDJmaHRDRnd5ZkpRUzYwWjdvVHB2YWxHQ3BSa29hbzB3QVZOa3N5ZW0rd01ObVgKaXFWNGs5cWY3b0YvWWJMMmdlamdoR1lvRjYyaW9OTnFvUmJKRXUwVC9vNG1vTUdBT2NxTmZ5NlZSWXpTclhWagpBVmpSNU90VFdGTG1aRzRxOEw3R1A2WEE0OWhwV0lLaG5oSURKeXI5QlJ5RWVVcVV5YTNXd2ZJSEljK0NrelBzClArcll5QkU4VDJqU1J2VnN0eEFyUjc5aXVwM2oyNk0wRHdGbUxmbVlQeXJpczM5SXR0Mk9TS01YRVhDME9NUUQKeVhqWE1Fc3k2VmpFd2p2M2FQNy9nVEk9Ci0tLS0tRU5EIENFUlRJRklDQVRFLS0tLS0K"
              }
            ],
            "master_authorized_networks_config": [],
            "master_version": "1.29.7-gke.1104000",
            "mesh_certificates": [],
            "min_master_version": null,
            "monitoring_config": [
              {
                "advanced_datapath_observability_config": [
                  {
                    "enable_metrics": false,
                    "enable_relay": false
                  }
                ],
                "enable_components": [
                  "SYSTEM_COMPONENTS",
                  "STORAGE",
                  "HPA",
                  "POD",
                  "DAEMONSET",
                  "DEPLOYMENT",
                  "STATEFULSET",
                  "CADVISOR",
                  "KUBELET"
                ],
                "managed_prometheus": [
                  {
                    "enabled": true
                  }
                ]
              }
            ],
            "monitoring_service": "monitoring.googleapis.com/kubernetes",
            "name": "gke-cluster-java",
            "network": "projects/fast-banner-433813-r7/global/networks/vpc-cluster-java",
            "network_policy": [
              {
                "enabled": false,
                "provider": "PROVIDER_UNSPECIFIED"
              }
            ],
            "networking_mode": "VPC_NATIVE",
            "node_config": [],
            "node_locations": [
              "us-central1-a",
              "us-central1-b",
              "us-central1-f"
            ],
            "node_pool": [],
            "node_pool_auto_config": [],
            "node_pool_defaults": [
              {
                "node_config_defaults": [
                  {
                    "containerd_config": [],
                    "logging_variant": "DEFAULT"
                  }
                ]
              }
            ],
            "node_version": "1.29.7-gke.1104000",
            "notification_config": [
              {
                "pubsub": [
                  {
                    "enabled": false,
                    "filter": [],
                    "topic": ""
                  }
                ]
              }
            ],
            "operation": null,
            "private_cluster_config": [
              {
                "enable_private_endpoint": false,
                "enable_private_nodes": false,
                "master_global_access_config": [
                  {
                    "enabled": false
                  }
                ],
                "master_ipv4_cidr_block": "",
                "peering_name": "",
                "private_endpoint": "10.0.0.6",
                "private_endpoint_subnetwork": "",
                "public_endpoint": "34.173.195.119"
              }
            ],
            "private_ipv6_google_access": "",
            "project": "fast-banner-433813-r7",
            "release_channel": [
              {
                "channel": "REGULAR"
              }
            ],
            "remove_default_node_pool": true,
            "resource_labels": null,
            "resource_usage_export_config": [],
            "security_posture_config": [
              {
                "mode": "BASIC",
                "vulnerability_mode": "VULNERABILITY_MODE_UNSPECIFIED"
              }
            ],
            "self_link": "https://container.googleapis.com/v1/projects/fast-banner-433813-r7/locations/us-central1/clusters/gke-cluster-java",
            "service_external_ips_config": [
              {
                "enabled": false
              }
            ],
            "services_ipv4_cidr": "34.118.224.0/20",
            "subnetwork": "projects/fast-banner-433813-r7/regions/us-central1/subnetworks/subnet-cluster-java",
            "terraform_labels": {
              "goog-terraform-provisioned": "true"
            },
            "timeouts": null,
            "tpu_ipv4_cidr_block": "",
            "vertical_pod_autoscaling": [],
            "workload_identity_config": []
          },
          "sensitive_attributes": [
            [
              {
                "type": "get_attr",
                "value": "master_auth"
              },
              {
                "type": "index",
                "value": {
                  "value": 0,
                  "type": "number"
                }
              },
              {
                "type": "get_attr",
                "value": "client_key"
              }
            ]
          ],
          "private": "eyJlMmJmYjczMC1lY2FhLTExZTYtOGY4OC0zNDM2M2JjN2M0YzAiOnsiY3JlYXRlIjoyNDAwMDAwMDAwMDAwLCJkZWxldGUiOjI0MDAwMDAwMDAwMDAsInJlYWQiOjI0MDAwMDAwMDAwMDAsInVwZGF0ZSI6MzYwMDAwMDAwMDAwMH0sInNjaGVtYV92ZXJzaW9uIjoiMiJ9",
          "dependencies": [
            "google_compute_network.vpc_networks",
            "google_compute_subnetwork.subnets"
          ]
        },
        {
          "index_key": 1,
          "schema_version": 2,
          "attributes": {
            "addons_config": [
              {
                "cloudrun_config": [],
                "config_connector_config": [],
                "dns_cache_config": [],
                "gce_persistent_disk_csi_driver_config": [
                  {
                    "enabled": true
                  }
                ],
                "gcp_filestore_csi_driver_config": [],
                "gcs_fuse_csi_driver_config": [],
                "gke_backup_agent_config": [],
                "horizontal_pod_autoscaling": [],
                "http_load_balancing": [],
                "network_policy_config": [
                  {
                    "disabled": true
                  }
                ],
                "ray_operator_config": [],
                "stateful_ha_config": []
              }
            ],
            "allow_net_admin": null,
            "authenticator_groups_config": [],
            "binary_authorization": [
              {
                "enabled": false,
                "evaluation_mode": ""
              }
            ],
            "cluster_autoscaling": [
              {
                "auto_provisioning_defaults": [],
                "auto_provisioning_locations": [],
                "autoscaling_profile": "BALANCED",
                "enabled": false,
                "resource_limits": []
              }
            ],
            "cluster_ipv4_cidr": "10.228.0.0/14",
            "confidential_nodes": [],
            "cost_management_config": [],
            "database_encryption": [
              {
                "key_name": "",
                "state": "DECRYPTED"
              }
            ],
            "datapath_provider": "",
            "default_max_pods_per_node": 110,
            "default_snat_status": [
              {
                "disabled": false
              }
            ],
            "deletion_protection": false,
            "description": "",
            "dns_config": [],
            "effective_labels": {
              "goog-terraform-provisioned": "true"
            },
            "enable_autopilot": false,
            "enable_cilium_clusterwide_network_policy": false,
            "enable_intranode_visibility": false,
            "enable_k8s_beta_apis": [],
            "enable_kubernetes_alpha": false,
            "enable_l4_ilb_subsetting": false,
            "enable_legacy_abac": false,
            "enable_multi_networking": false,
            "enable_shielded_nodes": true,
            "enable_tpu": false,
            "endpoint": "35.193.162.200",
            "fleet": [],
            "gateway_api_config": [],
            "id": "projects/fast-banner-433813-r7/locations/us-central1/clusters/gke-cluster-python",
            "identity_service_config": [],
            "initial_node_count": 1,
            "ip_allocation_policy": [
              {
                "additional_pod_ranges_config": [],
                "cluster_ipv4_cidr_block": "10.228.0.0/14",
                "cluster_secondary_range_name": "gke-gke-cluster-python-pods-7c97b253",
                "pod_cidr_overprovision_config": [
                  {
                    "disabled": false
                  }
                ],
                "services_ipv4_cidr_block": "34.118.224.0/20",
                "services_secondary_range_name": "",
                "stack_type": "IPV4"
              }
            ],
            "label_fingerprint": "78cdf2f6",
            "location": "us-central1",
            "logging_config": [
              {
                "enable_components": [
                  "SYSTEM_COMPONENTS",
                  "WORKLOADS"
                ]
              }
            ],
            "logging_service": "logging.googleapis.com/kubernetes",
            "maintenance_policy": [],
            "master_auth": [
              {
                "client_certificate": "",
                "client_certificate_config": [
                  {
                    "issue_client_certificate": false
                  }
                ],
                "client_key": "",
                "cluster_ca_certificate": "LS0tLS1CRUdJTiBDRVJUSUZJQ0FURS0tLS0tCk1JSUVMVENDQXBXZ0F3SUJBZ0lSQUpWWkxZZ0JLais1NFVtNnNFZGNZTll3RFFZSktvWklodmNOQVFFTEJRQXcKTHpFdE1Dc0dBMVVFQXhNa1pHRmtPVEZtTkRBdFlqVTFPUzAwWXpWaExUZ3dPV0V0WmpObU9EaGxNVFl6WXpOawpNQ0FYRFRJME1Ea3dNakE1TVRZMU1sb1lEekl3TlRRd09ESTJNVEF4TmpVeVdqQXZNUzB3S3dZRFZRUURFeVJrCllXUTVNV1kwTUMxaU5UVTVMVFJqTldFdE9EQTVZUzFtTTJZNE9HVXhOak5qTTJRd2dnR2lNQTBHQ1NxR1NJYjMKRFFFQkFRVUFBNElCandBd2dnR0tBb0lCZ1FETW1uenNGZXdxQk13WlA5ditMNjlPcmVxTWVjQ2NCZHUyN0tWQgpXa29KZ0ZtWktxTnpXRDc2K1RxR3MrbjMvZmZJdTBacWEvQit5SHpZS1NoSFJBVFM2VktQb0pTa2o2WklHbC8zCnM5ZG1NdVpIdU9YNVhCSjRqYTgvUTluaGUxUHdCSUFGa2tmazQ1amdtRlZRRXJZMUpmdDVZbHo5Nm40VzFnWVoKS2JkV0FGZWJoaHpBQXIxSkowYkFEa3JkMnNXQ1pEc3I0dUhyTjdiY0VXTjZQOEdTN3dHdDF1QU51N0E4K2RHZwp1REN5anlGemlOMXRwN0dwVHhtMnZRcW8wODJTK21vaUtFbEZSUVN3SXpVakJCY0ErYnBVUWNTWFdXeS91MjM1CnFvWU1LWnFPcXJOMVNNTG96czVQOS9zYW9SSjVPaGt4NWc0a016NUdkTXJVRVI4RU1lNC9BS0xNSW1Xa1VtMzgKVmdNRTJxL3RKaitKRUsrMzhmOTdxV0E4RlFQYndMUVZ3RXVscjhxUEQ1aDNDQ0RURVdrckhLekxzbmFhdHh6RwpOUTNsNVMyNVMwcXlwajRGR0gzcGs0bFJCRXpnMENBUHVzdjU2VitFM3VMQVBSWXJUN3lsZXdLajVTMWhLa2dFCm81Uk0yTThBZ3d6L3dBRlJzTElPbUpFVW1KVUNBd0VBQWFOQ01FQXdEZ1lEVlIwUEFRSC9CQVFEQWdJRU1BOEcKQTFVZEV3RUIvd1FGTUFNQkFmOHdIUVlEVlIwT0JCWUVGQ0MxWEpycmJZQXo2VmI5Nk9aSUFzMWFNMm40TUEwRwpDU3FHU0liM0RRRUJDd1VBQTRJQmdRQmtZb2JNdkZuZTFqdWxHV2svcTRKR2s4b0c1b0NBa0c2TVpQN3hnOURaCi9wb2cyaGRTTDZYUk5XNVdOTmI4SDEyM24xVnFFc0NwVmNSb3dPVkZsY2xkYWxyczNrZXU0WlNWei81bUNMWE4KOWdHWnZUQVYreENYTk9ERnFhNFZyaDZlVW9SbHpjOTByRlBVZXhyMW1YK1ovU3JRTmRMSGhTck1Yb1A0Qjl0Zwo2bmRnQ0JCZGN6Z3VKeEtUR2NJZUJZQ3JXYjdSRDFKc2krOEkvbForWnM3MGZNa1JFL2YwSnlpb1V2NHk4SGtJCjgvNlpiTW1uSWxVN3hrbGJrYTdycHVORHo2TWVUd0MxZzA1M3F5OVdaMzRPQTVRRGJLdDVmeUg3TTdTZjQrNVcKS25EcGtsYmg0emltTjgyZVpNUDZ6Ny93UHBUYitOc0Zhd3V4ZUhUaG9lR3JGaGVLVWdOT0MwMlRsQWdkZUJ5dgo0dTI4ajFVR214VGlWT21GS0ZjZGtHTEZIK2N0VGlkYk5WRk5uZS8xR1p1YlpremwrM29hREVCSmhNaVpOOHkyCmVDNjg2R3pHU09UTGZsZ0psM0Z2ejZ6UGM4aWtuR1A0cDB5Mlp6RTNRK2MwN2QxWUNvUnJ4MFZyMUYwbGhRVUkKU2MyM3FDNUNGSHdWN3pJVWRUcW1HK2s9Ci0tLS0tRU5EIENFUlRJRklDQVRFLS0tLS0K"
              }
            ],
            "master_authorized_networks_config": [],
            "master_version": "1.29.7-gke.1104000",
            "mesh_certificates": [],
            "min_master_version": null,
            "monitoring_config": [
              {
                "advanced_datapath_observability_config": [
                  {
                    "enable_metrics": false,
                    "enable_relay": false
                  }
                ],
                "enable_components": [
                  "SYSTEM_COMPONENTS",
                  "STATEFULSET",
                  "STORAGE",
                  "HPA",
                  "POD",
                  "DAEMONSET",
                  "DEPLOYMENT",
                  "CADVISOR",
                  "KUBELET"
                ],
                "managed_prometheus": [
                  {
                    "enabled": true
                  }
                ]
              }
            ],
            "monitoring_service": "monitoring.googleapis.com/kubernetes",
            "name": "gke-cluster-python",
            "network": "projects/fast-banner-433813-r7/global/networks/vpc-cluster-python",
            "network_policy": [
              {
                "enabled": false,
                "provider": "PROVIDER_UNSPECIFIED"
              }
            ],
            "networking_mode": "VPC_NATIVE",
            "node_config": [],
            "node_locations": [
              "us-central1-a",
              "us-central1-b",
              "us-central1-f"
            ],
            "node_pool": [],
            "node_pool_auto_config": [],
            "node_pool_defaults": [
              {
                "node_config_defaults": [
                  {
                    "containerd_config": [],
                    "logging_variant": "DEFAULT"
                  }
                ]
              }
            ],
            "node_version": "1.29.7-gke.1104000",
            "notification_config": [
              {
                "pubsub": [
                  {
                    "enabled": false,
                    "filter": [],
                    "topic": ""
                  }
                ]
              }
            ],
            "operation": null,
            "private_cluster_config": [
              {
                "enable_private_endpoint": false,
                "enable_private_nodes": false,
                "master_global_access_config": [
                  {
                    "enabled": false
                  }
                ],
                "master_ipv4_cidr_block": "",
                "peering_name": "",
                "private_endpoint": "10.1.0.14",
                "private_endpoint_subnetwork": "",
                "public_endpoint": "35.193.162.200"
              }
            ],
            "private_ipv6_google_access": "",
            "project": "fast-banner-433813-r7",
            "release_channel": [
              {
                "channel": "REGULAR"
              }
            ],
            "remove_default_node_pool": true,
            "resource_labels": null,
            "resource_usage_export_config": [],
            "security_posture_config": [
              {
                "mode": "BASIC",
                "vulnerability_mode": "VULNERABILITY_MODE_UNSPECIFIED"
              }
            ],
            "self_link": "https://container.googleapis.com/v1/projects/fast-banner-433813-r7/locations/us-central1/clusters/gke-cluster-python",
            "service_external_ips_config": [
              {
                "enabled": false
              }
            ],
            "services_ipv4_cidr": "34.118.224.0/20",
            "subnetwork": "projects/fast-banner-433813-r7/regions/us-central1/subnetworks/subnet-cluster-python",
            "terraform_labels": {
              "goog-terraform-provisioned": "true"
            },
            "timeouts": null,
            "tpu_ipv4_cidr_block": "",
            "vertical_pod_autoscaling": [],
            "workload_identity_config": []
          },
          "sensitive_attributes": [
            [
              {
                "type": "get_attr",
                "value": "master_auth"
              },
              {
                "type": "index",
                "value": {
                  "value": 0,
                  "type": "number"
                }
              },
              {
                "type": "get_attr",
                "value": "client_key"
              }
            ]
          ],
          "private": "eyJlMmJmYjczMC1lY2FhLTExZTYtOGY4OC0zNDM2M2JjN2M0YzAiOnsiY3JlYXRlIjoyNDAwMDAwMDAwMDAwLCJkZWxldGUiOjI0MDAwMDAwMDAwMDAsInJlYWQiOjI0MDAwMDAwMDAwMDAsInVwZGF0ZSI6MzYwMDAwMDAwMDAwMH0sInNjaGVtYV92ZXJzaW9uIjoiMiJ9",
          "dependencies": [
            "google_compute_network.vpc_networks",
            "google_compute_subnetwork.subnets"
          ]
        }
      ]
    },
    {
      "mode": "managed",
      "type": "google_container_node_pool",
      "name": "primary_preemptible_nodes",
      "provider": "provider[\"registry.terraform.io/hashicorp/google\"]",
      "instances": [
        {
          "index_key": 0,
          "schema_version": 1,
          "attributes": {
            "autoscaling": [],
            "cluster": "gke-cluster-java",
            "id": "projects/fast-banner-433813-r7/locations/us-central1/clusters/gke-cluster-java/nodePools/primary-pool",
            "initial_node_count": 1,
            "instance_group_urls": [
              "https://www.googleapis.com/compute/v1/projects/fast-banner-433813-r7/zones/us-central1-b/instanceGroupManagers/gke-gke-cluster-java-primary-pool-a5b716d7-grp",
              "https://www.googleapis.com/compute/v1/projects/fast-banner-433813-r7/zones/us-central1-f/instanceGroupManagers/gke-gke-cluster-java-primary-pool-f24ade31-grp",
              "https://www.googleapis.com/compute/v1/projects/fast-banner-433813-r7/zones/us-central1-a/instanceGroupManagers/gke-gke-cluster-java-primary-pool-e0f1949a-grp"
            ],
            "location": "us-central1",
            "managed_instance_group_urls": [
              "https://www.googleapis.com/compute/v1/projects/fast-banner-433813-r7/zones/us-central1-b/instanceGroups/gke-gke-cluster-java-primary-pool-a5b716d7-grp",
              "https://www.googleapis.com/compute/v1/projects/fast-banner-433813-r7/zones/us-central1-f/instanceGroups/gke-gke-cluster-java-primary-pool-f24ade31-grp",
              "https://www.googleapis.com/compute/v1/projects/fast-banner-433813-r7/zones/us-central1-a/instanceGroups/gke-gke-cluster-java-primary-pool-e0f1949a-grp"
            ],
            "management": [
              {
                "auto_repair": true,
                "auto_upgrade": true
              }
            ],
            "max_pods_per_node": 110,
            "name": "primary-pool",
            "name_prefix": "",
            "network_config": [
              {
                "additional_node_network_configs": [],
                "additional_pod_network_configs": [],
                "create_pod_range": false,
                "enable_private_nodes": false,
                "network_performance_config": [],
                "pod_cidr_overprovision_config": [],
                "pod_ipv4_cidr_block": "10.108.0.0/14",
                "pod_range": "gke-gke-cluster-java-pods-37508945"
              }
            ],
            "node_config": [
              {
                "advanced_machine_features": [],
                "boot_disk_kms_key": "",
                "confidential_nodes": [],
                "containerd_config": [],
                "disk_size_gb": 50,
                "disk_type": "pd-ssd",
                "effective_taints": [],
                "enable_confidential_storage": false,
                "ephemeral_storage_local_ssd_config": [],
                "fast_socket": [],
                "gcfs_config": [],
                "guest_accelerator": [],
                "gvnic": [],
                "host_maintenance_policy": [],
                "image_type": "COS_CONTAINERD",
                "kubelet_config": [],
                "labels": {},
                "linux_node_config": [],
                "local_nvme_ssd_block_config": [],
                "local_ssd_count": 0,
                "logging_variant": "DEFAULT",
                "machine_type": "e2-medium",
                "metadata": {
                  "disable-legacy-endpoints": "true"
                },
                "min_cpu_platform": "",
                "node_group": "",
                "oauth_scopes": [
                  "https://www.googleapis.com/auth/cloud-platform"
                ],
                "preemptible": true,
                "reservation_affinity": [],
                "resource_labels": null,
                "resource_manager_tags": null,
                "secondary_boot_disks": [],
                "service_account": "default",
                "shielded_instance_config": [
                  {
                    "enable_integrity_monitoring": true,
                    "enable_secure_boot": false
                  }
                ],
                "sole_tenant_config": [],
                "spot": false,
                "tags": null,
                "taint": [],
                "workload_metadata_config": []
              }
            ],
            "node_count": 1,
            "node_locations": [
              "us-central1-a",
              "us-central1-b",
              "us-central1-f"
            ],
            "operation": null,
            "placement_policy": [],
            "project": "fast-banner-433813-r7",
            "queued_provisioning": [],
            "timeouts": null,
            "upgrade_settings": [
              {
                "blue_green_settings": [],
                "max_surge": 1,
                "max_unavailable": 0,
                "strategy": "SURGE"
              }
            ],
            "version": "1.29.7-gke.1104000"
          },
          "sensitive_attributes": [],
          "private": "eyJlMmJmYjczMC1lY2FhLTExZTYtOGY4OC0zNDM2M2JjN2M0YzAiOnsiY3JlYXRlIjoxODAwMDAwMDAwMDAwLCJkZWxldGUiOjE4MDAwMDAwMDAwMDAsInVwZGF0ZSI6MTgwMDAwMDAwMDAwMH0sInNjaGVtYV92ZXJzaW9uIjoiMSJ9",
          "dependencies": [
            "google_compute_network.vpc_networks",
            "google_compute_subnetwork.subnets",
            "google_container_cluster.gke_clusters"
          ]
        },
        {
          "index_key": 1,
          "schema_version": 1,
          "attributes": {
            "autoscaling": [],
            "cluster": "gke-cluster-python",
            "id": "projects/fast-banner-433813-r7/locations/us-central1/clusters/gke-cluster-python/nodePools/primary-pool",
            "initial_node_count": 1,
            "instance_group_urls": [
              "https://www.googleapis.com/compute/v1/projects/fast-banner-433813-r7/zones/us-central1-a/instanceGroupManagers/gke-gke-cluster-python-primary-pool-cd496ea4-grp",
              "https://www.googleapis.com/compute/v1/projects/fast-banner-433813-r7/zones/us-central1-b/instanceGroupManagers/gke-gke-cluster-python-primary-pool-048a5515-grp",
              "https://www.googleapis.com/compute/v1/projects/fast-banner-433813-r7/zones/us-central1-f/instanceGroupManagers/gke-gke-cluster-python-primary-pool-3a5376f1-grp"
            ],
            "location": "us-central1",
            "managed_instance_group_urls": [
              "https://www.googleapis.com/compute/v1/projects/fast-banner-433813-r7/zones/us-central1-a/instanceGroups/gke-gke-cluster-python-primary-pool-cd496ea4-grp",
              "https://www.googleapis.com/compute/v1/projects/fast-banner-433813-r7/zones/us-central1-b/instanceGroups/gke-gke-cluster-python-primary-pool-048a5515-grp",
              "https://www.googleapis.com/compute/v1/projects/fast-banner-433813-r7/zones/us-central1-f/instanceGroups/gke-gke-cluster-python-primary-pool-3a5376f1-grp"
            ],
            "management": [
              {
                "auto_repair": true,
                "auto_upgrade": true
              }
            ],
            "max_pods_per_node": 110,
            "name": "primary-pool",
            "name_prefix": "",
            "network_config": [
              {
                "additional_node_network_configs": [],
                "additional_pod_network_configs": [],
                "create_pod_range": false,
                "enable_private_nodes": false,
                "network_performance_config": [],
                "pod_cidr_overprovision_config": [],
                "pod_ipv4_cidr_block": "10.228.0.0/14",
                "pod_range": "gke-gke-cluster-python-pods-7c97b253"
              }
            ],
            "node_config": [
              {
                "advanced_machine_features": [],
                "boot_disk_kms_key": "",
                "confidential_nodes": [],
                "containerd_config": [],
                "disk_size_gb": 50,
                "disk_type": "pd-ssd",
                "effective_taints": [],
                "enable_confidential_storage": false,
                "ephemeral_storage_local_ssd_config": [],
                "fast_socket": [],
                "gcfs_config": [],
                "guest_accelerator": [],
                "gvnic": [],
                "host_maintenance_policy": [],
                "image_type": "COS_CONTAINERD",
                "kubelet_config": [],
                "labels": {},
                "linux_node_config": [],
                "local_nvme_ssd_block_config": [],
                "local_ssd_count": 0,
                "logging_variant": "DEFAULT",
                "machine_type": "e2-medium",
                "metadata": {
                  "disable-legacy-endpoints": "true"
                },
                "min_cpu_platform": "",
                "node_group": "",
                "oauth_scopes": [
                  "https://www.googleapis.com/auth/cloud-platform"
                ],
                "preemptible": true,
                "reservation_affinity": [],
                "resource_labels": null,
                "resource_manager_tags": null,
                "secondary_boot_disks": [],
                "service_account": "default",
                "shielded_instance_config": [
                  {
                    "enable_integrity_monitoring": true,
                    "enable_secure_boot": false
                  }
                ],
                "sole_tenant_config": [],
                "spot": false,
                "tags": null,
                "taint": [],
                "workload_metadata_config": []
              }
            ],
            "node_count": 1,
            "node_locations": [
              "us-central1-a",
              "us-central1-b",
              "us-central1-f"
            ],
            "operation": null,
            "placement_policy": [],
            "project": "fast-banner-433813-r7",
            "queued_provisioning": [],
            "timeouts": null,
            "upgrade_settings": [
              {
                "blue_green_settings": [],
                "max_surge": 1,
                "max_unavailable": 0,
                "strategy": "SURGE"
              }
            ],
            "version": "1.29.7-gke.1104000"
          },
          "sensitive_attributes": [],
          "private": "eyJlMmJmYjczMC1lY2FhLTExZTYtOGY4OC0zNDM2M2JjN2M0YzAiOnsiY3JlYXRlIjoxODAwMDAwMDAwMDAwLCJkZWxldGUiOjE4MDAwMDAwMDAwMDAsInVwZGF0ZSI6MTgwMDAwMDAwMDAwMH0sInNjaGVtYV92ZXJzaW9uIjoiMSJ9",
          "dependencies": [
            "google_compute_network.vpc_networks",
            "google_compute_subnetwork.subnets",
            "google_container_cluster.gke_clusters"
          ]
        }
      ]
    }
  ],
  "check_results": null
}
